
Microsoft Visual Studio Solution File, Format Version 12.00
# Visual Studio Version 16
VisualStudioVersion = 16.0.30517.126
MinimumVisualStudioVersion = 10.0.40219.1
Project("{FAE04EC0-301F-11D3-BF4B-00C04F79EFBC}") = "02-HolaMundoASP.NET-UI", "02-HolaMundoASP.NET-UI\02-HolaMundoASP.NET-UI.csproj", "{2287F42F-5135-4A19-9E66-EFA65CE63E0F}"
EndProject
Global
	GlobalSection(SolutionConfigurationPlatforms) = preSolution
		Debug|Any CPU = Debug|Any CPU
		Release|Any CPU = Release|Any CPU
	EndGlobalSection
	GlobalSection(ProjectConfigurationPlatforms) = postSolution
		{2287F42F-5135-4A19-9E66-EFA65CE63E0F}.Debug|Any CPU.ActiveCfg = Debug|Any CPU
		{2287F42F-5135-4A19-9E66-EFA65CE63E0F}.Debug|Any CPU.Build.0 = Debug|Any CPU
		{2287F42F-5135-4A19-9E66-EFA65CE63E0F}.Release|Any CPU.ActiveCfg = Release|Any CPU
		{2287F42F-5135-4A19-9E66-EFA65CE63E0F}.Release|Any CPU.Build.0 = Release|Any CPU
	EndGlobalSection
	GlobalSection(SolutionProperties) = preSolution
		HideSolutionNode = FALSE
	EndGlobalSection
	GlobalSection(ExtensibilityGlobals) = postSolution
		SolutionGuid = {7DB292BD-45E9-4B5E-AAF4-52D483287F80}
	EndGlobalSection
EndGlobal
