
Microsoft Visual Studio Solution File, Format Version 12.00
# Visual Studio Version 16
VisualStudioVersion = 16.0.30517.126
MinimumVisualStudioVersion = 10.0.40219.1
Project("{FAE04EC0-301F-11D3-BF4B-00C04F79EFBC}") = "CRUDTrivial-UI", "CRUDTrivial-UI\CRUDTrivial-UI.csproj", "{494D2EF8-42D7-450A-A4D9-CCDD1766B8D8}"
EndProject
Project("{FAE04EC0-301F-11D3-BF4B-00C04F79EFBC}") = "CRUDTrivial-Entidades", "CRUDTrivial-Entidades\CRUDTrivial-Entidades.csproj", "{67C2AB0A-B4F9-4799-B204-E0D8EC6E79BE}"
EndProject
Project("{FAE04EC0-301F-11D3-BF4B-00C04F79EFBC}") = "CRUDTrivial-DAL", "CRUDTrivial-DAL\CRUDTrivial-DAL.csproj", "{5BE5076D-A9B2-4EA3-B35F-FCC69D6460E2}"
EndProject
Project("{FAE04EC0-301F-11D3-BF4B-00C04F79EFBC}") = "CRUDTrivial-BL", "CRUDTrivial-BL\CRUDTrivial-BL.csproj", "{D0032E32-A4E3-471B-9D54-CAB31E2911BD}"
EndProject
Global
	GlobalSection(SolutionConfigurationPlatforms) = preSolution
		Debug|Any CPU = Debug|Any CPU
		Debug|ARM = Debug|ARM
		Debug|ARM64 = Debug|ARM64
		Debug|x64 = Debug|x64
		Debug|x86 = Debug|x86
		Release|Any CPU = Release|Any CPU
		Release|ARM = Release|ARM
		Release|ARM64 = Release|ARM64
		Release|x64 = Release|x64
		Release|x86 = Release|x86
	EndGlobalSection
	GlobalSection(ProjectConfigurationPlatforms) = postSolution
		{494D2EF8-42D7-450A-A4D9-CCDD1766B8D8}.Debug|Any CPU.ActiveCfg = Debug|x86
		{494D2EF8-42D7-450A-A4D9-CCDD1766B8D8}.Debug|ARM.ActiveCfg = Debug|ARM
		{494D2EF8-42D7-450A-A4D9-CCDD1766B8D8}.Debug|ARM.Build.0 = Debug|ARM
		{494D2EF8-42D7-450A-A4D9-CCDD1766B8D8}.Debug|ARM.Deploy.0 = Debug|ARM
		{494D2EF8-42D7-450A-A4D9-CCDD1766B8D8}.Debug|ARM64.ActiveCfg = Debug|ARM64
		{494D2EF8-42D7-450A-A4D9-CCDD1766B8D8}.Debug|ARM64.Build.0 = Debug|ARM64
		{494D2EF8-42D7-450A-A4D9-CCDD1766B8D8}.Debug|ARM64.Deploy.0 = Debug|ARM64
		{494D2EF8-42D7-450A-A4D9-CCDD1766B8D8}.Debug|x64.ActiveCfg = Debug|x64
		{494D2EF8-42D7-450A-A4D9-CCDD1766B8D8}.Debug|x64.Build.0 = Debug|x64
		{494D2EF8-42D7-450A-A4D9-CCDD1766B8D8}.Debug|x64.Deploy.0 = Debug|x64
		{494D2EF8-42D7-450A-A4D9-CCDD1766B8D8}.Debug|x86.ActiveCfg = Debug|x86
		{494D2EF8-42D7-450A-A4D9-CCDD1766B8D8}.Debug|x86.Build.0 = Debug|x86
		{494D2EF8-42D7-450A-A4D9-CCDD1766B8D8}.Debug|x86.Deploy.0 = Debug|x86
		{494D2EF8-42D7-450A-A4D9-CCDD1766B8D8}.Release|Any CPU.ActiveCfg = Release|x86
		{494D2EF8-42D7-450A-A4D9-CCDD1766B8D8}.Release|ARM.ActiveCfg = Release|ARM
		{494D2EF8-42D7-450A-A4D9-CCDD1766B8D8}.Release|ARM.Build.0 = Release|ARM
		{494D2EF8-42D7-450A-A4D9-CCDD1766B8D8}.Release|ARM.Deploy.0 = Release|ARM
		{494D2EF8-42D7-450A-A4D9-CCDD1766B8D8}.Release|ARM64.ActiveCfg = Release|ARM64
		{494D2EF8-42D7-450A-A4D9-CCDD1766B8D8}.Release|ARM64.Build.0 = Release|ARM64
		{494D2EF8-42D7-450A-A4D9-CCDD1766B8D8}.Release|ARM64.Deploy.0 = Release|ARM64
		{494D2EF8-42D7-450A-A4D9-CCDD1766B8D8}.Release|x64.ActiveCfg = Release|x64
		{494D2EF8-42D7-450A-A4D9-CCDD1766B8D8}.Release|x64.Build.0 = Release|x64
		{494D2EF8-42D7-450A-A4D9-CCDD1766B8D8}.Release|x64.Deploy.0 = Release|x64
		{494D2EF8-42D7-450A-A4D9-CCDD1766B8D8}.Release|x86.ActiveCfg = Release|x86
		{494D2EF8-42D7-450A-A4D9-CCDD1766B8D8}.Release|x86.Build.0 = Release|x86
		{494D2EF8-42D7-450A-A4D9-CCDD1766B8D8}.Release|x86.Deploy.0 = Release|x86
		{67C2AB0A-B4F9-4799-B204-E0D8EC6E79BE}.Debug|Any CPU.ActiveCfg = Debug|Any CPU
		{67C2AB0A-B4F9-4799-B204-E0D8EC6E79BE}.Debug|Any CPU.Build.0 = Debug|Any CPU
		{67C2AB0A-B4F9-4799-B204-E0D8EC6E79BE}.Debug|ARM.ActiveCfg = Debug|ARM
		{67C2AB0A-B4F9-4799-B204-E0D8EC6E79BE}.Debug|ARM.Build.0 = Debug|ARM
		{67C2AB0A-B4F9-4799-B204-E0D8EC6E79BE}.Debug|ARM64.ActiveCfg = Debug|ARM64
		{67C2AB0A-B4F9-4799-B204-E0D8EC6E79BE}.Debug|ARM64.Build.0 = Debug|ARM64
		{67C2AB0A-B4F9-4799-B204-E0D8EC6E79BE}.Debug|x64.ActiveCfg = Debug|x64
		{67C2AB0A-B4F9-4799-B204-E0D8EC6E79BE}.Debug|x64.Build.0 = Debug|x64
		{67C2AB0A-B4F9-4799-B204-E0D8EC6E79BE}.Debug|x86.ActiveCfg = Debug|x86
		{67C2AB0A-B4F9-4799-B204-E0D8EC6E79BE}.Debug|x86.Build.0 = Debug|x86
		{67C2AB0A-B4F9-4799-B204-E0D8EC6E79BE}.Release|Any CPU.ActiveCfg = Release|Any CPU
		{67C2AB0A-B4F9-4799-B204-E0D8EC6E79BE}.Release|Any CPU.Build.0 = Release|Any CPU
		{67C2AB0A-B4F9-4799-B204-E0D8EC6E79BE}.Release|ARM.ActiveCfg = Release|ARM
		{67C2AB0A-B4F9-4799-B204-E0D8EC6E79BE}.Release|ARM.Build.0 = Release|ARM
		{67C2AB0A-B4F9-4799-B204-E0D8EC6E79BE}.Release|ARM64.ActiveCfg = Release|ARM64
		{67C2AB0A-B4F9-4799-B204-E0D8EC6E79BE}.Release|ARM64.Build.0 = Release|ARM64
		{67C2AB0A-B4F9-4799-B204-E0D8EC6E79BE}.Release|x64.ActiveCfg = Release|x64
		{67C2AB0A-B4F9-4799-B204-E0D8EC6E79BE}.Release|x64.Build.0 = Release|x64
		{67C2AB0A-B4F9-4799-B204-E0D8EC6E79BE}.Release|x86.ActiveCfg = Release|x86
		{67C2AB0A-B4F9-4799-B204-E0D8EC6E79BE}.Release|x86.Build.0 = Release|x86
		{5BE5076D-A9B2-4EA3-B35F-FCC69D6460E2}.Debug|Any CPU.ActiveCfg = Debug|Any CPU
		{5BE5076D-A9B2-4EA3-B35F-FCC69D6460E2}.Debug|Any CPU.Build.0 = Debug|Any CPU
		{5BE5076D-A9B2-4EA3-B35F-FCC69D6460E2}.Debug|ARM.ActiveCfg = Debug|ARM
		{5BE5076D-A9B2-4EA3-B35F-FCC69D6460E2}.Debug|ARM.Build.0 = Debug|ARM
		{5BE5076D-A9B2-4EA3-B35F-FCC69D6460E2}.Debug|ARM64.ActiveCfg = Debug|ARM64
		{5BE5076D-A9B2-4EA3-B35F-FCC69D6460E2}.Debug|ARM64.Build.0 = Debug|ARM64
		{5BE5076D-A9B2-4EA3-B35F-FCC69D6460E2}.Debug|x64.ActiveCfg = Debug|x64
		{5BE5076D-A9B2-4EA3-B35F-FCC69D6460E2}.Debug|x64.Build.0 = Debug|x64
		{5BE5076D-A9B2-4EA3-B35F-FCC69D6460E2}.Debug|x86.ActiveCfg = Debug|x86
		{5BE5076D-A9B2-4EA3-B35F-FCC69D6460E2}.Debug|x86.Build.0 = Debug|x86
		{5BE5076D-A9B2-4EA3-B35F-FCC69D6460E2}.Release|Any CPU.ActiveCfg = Release|Any CPU
		{5BE5076D-A9B2-4EA3-B35F-FCC69D6460E2}.Release|Any CPU.Build.0 = Release|Any CPU
		{5BE5076D-A9B2-4EA3-B35F-FCC69D6460E2}.Release|ARM.ActiveCfg = Release|ARM
		{5BE5076D-A9B2-4EA3-B35F-FCC69D6460E2}.Release|ARM.Build.0 = Release|ARM
		{5BE5076D-A9B2-4EA3-B35F-FCC69D6460E2}.Release|ARM64.ActiveCfg = Release|ARM64
		{5BE5076D-A9B2-4EA3-B35F-FCC69D6460E2}.Release|ARM64.Build.0 = Release|ARM64
		{5BE5076D-A9B2-4EA3-B35F-FCC69D6460E2}.Release|x64.ActiveCfg = Release|x64
		{5BE5076D-A9B2-4EA3-B35F-FCC69D6460E2}.Release|x64.Build.0 = Release|x64
		{5BE5076D-A9B2-4EA3-B35F-FCC69D6460E2}.Release|x86.ActiveCfg = Release|x86
		{5BE5076D-A9B2-4EA3-B35F-FCC69D6460E2}.Release|x86.Build.0 = Release|x86
		{D0032E32-A4E3-471B-9D54-CAB31E2911BD}.Debug|Any CPU.ActiveCfg = Debug|Any CPU
		{D0032E32-A4E3-471B-9D54-CAB31E2911BD}.Debug|Any CPU.Build.0 = Debug|Any CPU
		{D0032E32-A4E3-471B-9D54-CAB31E2911BD}.Debug|ARM.ActiveCfg = Debug|ARM
		{D0032E32-A4E3-471B-9D54-CAB31E2911BD}.Debug|ARM.Build.0 = Debug|ARM
		{D0032E32-A4E3-471B-9D54-CAB31E2911BD}.Debug|ARM64.ActiveCfg = Debug|ARM64
		{D0032E32-A4E3-471B-9D54-CAB31E2911BD}.Debug|ARM64.Build.0 = Debug|ARM64
		{D0032E32-A4E3-471B-9D54-CAB31E2911BD}.Debug|x64.ActiveCfg = Debug|x64
		{D0032E32-A4E3-471B-9D54-CAB31E2911BD}.Debug|x64.Build.0 = Debug|x64
		{D0032E32-A4E3-471B-9D54-CAB31E2911BD}.Debug|x86.ActiveCfg = Debug|x86
		{D0032E32-A4E3-471B-9D54-CAB31E2911BD}.Debug|x86.Build.0 = Debug|x86
		{D0032E32-A4E3-471B-9D54-CAB31E2911BD}.Release|Any CPU.ActiveCfg = Release|Any CPU
		{D0032E32-A4E3-471B-9D54-CAB31E2911BD}.Release|Any CPU.Build.0 = Release|Any CPU
		{D0032E32-A4E3-471B-9D54-CAB31E2911BD}.Release|ARM.ActiveCfg = Release|ARM
		{D0032E32-A4E3-471B-9D54-CAB31E2911BD}.Release|ARM.Build.0 = Release|ARM
		{D0032E32-A4E3-471B-9D54-CAB31E2911BD}.Release|ARM64.ActiveCfg = Release|ARM64
		{D0032E32-A4E3-471B-9D54-CAB31E2911BD}.Release|ARM64.Build.0 = Release|ARM64
		{D0032E32-A4E3-471B-9D54-CAB31E2911BD}.Release|x64.ActiveCfg = Release|x64
		{D0032E32-A4E3-471B-9D54-CAB31E2911BD}.Release|x64.Build.0 = Release|x64
		{D0032E32-A4E3-471B-9D54-CAB31E2911BD}.Release|x86.ActiveCfg = Release|x86
		{D0032E32-A4E3-471B-9D54-CAB31E2911BD}.Release|x86.Build.0 = Release|x86
	EndGlobalSection
	GlobalSection(SolutionProperties) = preSolution
		HideSolutionNode = FALSE
	EndGlobalSection
	GlobalSection(ExtensibilityGlobals) = postSolution
		SolutionGuid = {90905930-07B5-4930-A419-B61D43D4CF8B}
	EndGlobalSection
EndGlobal
