
Microsoft Visual Studio Solution File, Format Version 12.00
# Visual Studio Version 16
VisualStudioVersion = 16.0.31005.135
MinimumVisualStudioVersion = 10.0.40219.1
Project("{FAE04EC0-301F-11D3-BF4B-00C04F79EFBC}") = "CRUDPersonasXamarinUI.UWP", "CRUDPersonasXamarinUI\CRUDPersonasXamarinUI.UWP\CRUDPersonasXamarinUI.UWP.csproj", "{A838B6A7-377F-4E08-92EA-A35164D4FA1F}"
EndProject
Project("{FAE04EC0-301F-11D3-BF4B-00C04F79EFBC}") = "CRUDPersonasXamarinUI.Android", "CRUDPersonasXamarinUI\CRUDPersonasXamarinUI.Android\CRUDPersonasXamarinUI.Android.csproj", "{62EEF33A-BDDF-4720-9A7D-5CA2723D7836}"
EndProject
Project("{FAE04EC0-301F-11D3-BF4B-00C04F79EFBC}") = "CRUDPersonasXamarinUI.iOS", "CRUDPersonasXamarinUI\CRUDPersonasXamarinUI.iOS\CRUDPersonasXamarinUI.iOS.csproj", "{642A86BA-0345-4178-AAD9-45ED77E3E222}"
EndProject
Project("{FAE04EC0-301F-11D3-BF4B-00C04F79EFBC}") = "CRUDPersonasXamarinUI", "CRUDPersonasXamarinUI\CRUDPersonasXamarinUI\CRUDPersonasXamarinUI.csproj", "{5E40E9EF-1B1E-48BA-93E3-EB818AAE5471}"
EndProject
Project("{9A19103F-16F7-4668-BE54-9A1E7A4F7556}") = "CRUDPersonasXamarin-Entidades", "CRUDPersonasXamarin-Entidades\CRUDPersonasXamarin-Entidades.csproj", "{42501C8C-B712-4109-B769-3BD18F6D9F27}"
EndProject
Project("{9A19103F-16F7-4668-BE54-9A1E7A4F7556}") = "CRUDPersonasXamarin-BL", "CRUDPersonasXamarin-BL\CRUDPersonasXamarin-BL.csproj", "{DC6E9C69-0A0E-48D6-AF58-EF6D3017B71F}"
EndProject
Project("{9A19103F-16F7-4668-BE54-9A1E7A4F7556}") = "CRUDPersonasXamarin-DAL", "CRUDPersonasXamarin-DAL\CRUDPersonasXamarin-DAL.csproj", "{423EE831-AE8E-4AB1-B0CC-91B474F9A7C1}"
EndProject
Global
	GlobalSection(SolutionConfigurationPlatforms) = preSolution
		Debug|Any CPU = Debug|Any CPU
		Debug|ARM = Debug|ARM
		Debug|iPhone = Debug|iPhone
		Debug|iPhoneSimulator = Debug|iPhoneSimulator
		Debug|x64 = Debug|x64
		Debug|x86 = Debug|x86
		Release|Any CPU = Release|Any CPU
		Release|ARM = Release|ARM
		Release|iPhone = Release|iPhone
		Release|iPhoneSimulator = Release|iPhoneSimulator
		Release|x64 = Release|x64
		Release|x86 = Release|x86
	EndGlobalSection
	GlobalSection(ProjectConfigurationPlatforms) = postSolution
		{A838B6A7-377F-4E08-92EA-A35164D4FA1F}.Debug|Any CPU.ActiveCfg = Debug|x86
		{A838B6A7-377F-4E08-92EA-A35164D4FA1F}.Debug|Any CPU.Build.0 = Debug|x86
		{A838B6A7-377F-4E08-92EA-A35164D4FA1F}.Debug|Any CPU.Deploy.0 = Debug|x86
		{A838B6A7-377F-4E08-92EA-A35164D4FA1F}.Debug|ARM.ActiveCfg = Debug|ARM
		{A838B6A7-377F-4E08-92EA-A35164D4FA1F}.Debug|ARM.Build.0 = Debug|ARM
		{A838B6A7-377F-4E08-92EA-A35164D4FA1F}.Debug|ARM.Deploy.0 = Debug|ARM
		{A838B6A7-377F-4E08-92EA-A35164D4FA1F}.Debug|iPhone.ActiveCfg = Debug|x86
		{A838B6A7-377F-4E08-92EA-A35164D4FA1F}.Debug|iPhone.Build.0 = Debug|x86
		{A838B6A7-377F-4E08-92EA-A35164D4FA1F}.Debug|iPhone.Deploy.0 = Debug|x86
		{A838B6A7-377F-4E08-92EA-A35164D4FA1F}.Debug|iPhoneSimulator.ActiveCfg = Debug|x86
		{A838B6A7-377F-4E08-92EA-A35164D4FA1F}.Debug|iPhoneSimulator.Build.0 = Debug|x86
		{A838B6A7-377F-4E08-92EA-A35164D4FA1F}.Debug|iPhoneSimulator.Deploy.0 = Debug|x86
		{A838B6A7-377F-4E08-92EA-A35164D4FA1F}.Debug|x64.ActiveCfg = Debug|x64
		{A838B6A7-377F-4E08-92EA-A35164D4FA1F}.Debug|x64.Build.0 = Debug|x64
		{A838B6A7-377F-4E08-92EA-A35164D4FA1F}.Debug|x64.Deploy.0 = Debug|x64
		{A838B6A7-377F-4E08-92EA-A35164D4FA1F}.Debug|x86.ActiveCfg = Debug|x86
		{A838B6A7-377F-4E08-92EA-A35164D4FA1F}.Debug|x86.Build.0 = Debug|x86
		{A838B6A7-377F-4E08-92EA-A35164D4FA1F}.Debug|x86.Deploy.0 = Debug|x86
		{A838B6A7-377F-4E08-92EA-A35164D4FA1F}.Release|Any CPU.ActiveCfg = Release|x86
		{A838B6A7-377F-4E08-92EA-A35164D4FA1F}.Release|Any CPU.Build.0 = Release|x86
		{A838B6A7-377F-4E08-92EA-A35164D4FA1F}.Release|Any CPU.Deploy.0 = Release|x86
		{A838B6A7-377F-4E08-92EA-A35164D4FA1F}.Release|ARM.ActiveCfg = Release|ARM
		{A838B6A7-377F-4E08-92EA-A35164D4FA1F}.Release|ARM.Build.0 = Release|ARM
		{A838B6A7-377F-4E08-92EA-A35164D4FA1F}.Release|ARM.Deploy.0 = Release|ARM
		{A838B6A7-377F-4E08-92EA-A35164D4FA1F}.Release|iPhone.ActiveCfg = Release|x86
		{A838B6A7-377F-4E08-92EA-A35164D4FA1F}.Release|iPhone.Build.0 = Release|x86
		{A838B6A7-377F-4E08-92EA-A35164D4FA1F}.Release|iPhone.Deploy.0 = Release|x86
		{A838B6A7-377F-4E08-92EA-A35164D4FA1F}.Release|iPhoneSimulator.ActiveCfg = Release|x86
		{A838B6A7-377F-4E08-92EA-A35164D4FA1F}.Release|iPhoneSimulator.Build.0 = Release|x86
		{A838B6A7-377F-4E08-92EA-A35164D4FA1F}.Release|iPhoneSimulator.Deploy.0 = Release|x86
		{A838B6A7-377F-4E08-92EA-A35164D4FA1F}.Release|x64.ActiveCfg = Release|x64
		{A838B6A7-377F-4E08-92EA-A35164D4FA1F}.Release|x64.Build.0 = Release|x64
		{A838B6A7-377F-4E08-92EA-A35164D4FA1F}.Release|x64.Deploy.0 = Release|x64
		{A838B6A7-377F-4E08-92EA-A35164D4FA1F}.Release|x86.ActiveCfg = Release|x86
		{A838B6A7-377F-4E08-92EA-A35164D4FA1F}.Release|x86.Build.0 = Release|x86
		{A838B6A7-377F-4E08-92EA-A35164D4FA1F}.Release|x86.Deploy.0 = Release|x86
		{62EEF33A-BDDF-4720-9A7D-5CA2723D7836}.Debug|Any CPU.ActiveCfg = Debug|Any CPU
		{62EEF33A-BDDF-4720-9A7D-5CA2723D7836}.Debug|Any CPU.Build.0 = Debug|Any CPU
		{62EEF33A-BDDF-4720-9A7D-5CA2723D7836}.Debug|Any CPU.Deploy.0 = Debug|Any CPU
		{62EEF33A-BDDF-4720-9A7D-5CA2723D7836}.Debug|ARM.ActiveCfg = Debug|Any CPU
		{62EEF33A-BDDF-4720-9A7D-5CA2723D7836}.Debug|ARM.Build.0 = Debug|Any CPU
		{62EEF33A-BDDF-4720-9A7D-5CA2723D7836}.Debug|ARM.Deploy.0 = Debug|Any CPU
		{62EEF33A-BDDF-4720-9A7D-5CA2723D7836}.Debug|iPhone.ActiveCfg = Debug|Any CPU
		{62EEF33A-BDDF-4720-9A7D-5CA2723D7836}.Debug|iPhone.Build.0 = Debug|Any CPU
		{62EEF33A-BDDF-4720-9A7D-5CA2723D7836}.Debug|iPhone.Deploy.0 = Debug|Any CPU
		{62EEF33A-BDDF-4720-9A7D-5CA2723D7836}.Debug|iPhoneSimulator.ActiveCfg = Debug|Any CPU
		{62EEF33A-BDDF-4720-9A7D-5CA2723D7836}.Debug|iPhoneSimulator.Build.0 = Debug|Any CPU
		{62EEF33A-BDDF-4720-9A7D-5CA2723D7836}.Debug|iPhoneSimulator.Deploy.0 = Debug|Any CPU
		{62EEF33A-BDDF-4720-9A7D-5CA2723D7836}.Debug|x64.ActiveCfg = Debug|Any CPU
		{62EEF33A-BDDF-4720-9A7D-5CA2723D7836}.Debug|x64.Build.0 = Debug|Any CPU
		{62EEF33A-BDDF-4720-9A7D-5CA2723D7836}.Debug|x64.Deploy.0 = Debug|Any CPU
		{62EEF33A-BDDF-4720-9A7D-5CA2723D7836}.Debug|x86.ActiveCfg = Debug|Any CPU
		{62EEF33A-BDDF-4720-9A7D-5CA2723D7836}.Debug|x86.Build.0 = Debug|Any CPU
		{62EEF33A-BDDF-4720-9A7D-5CA2723D7836}.Debug|x86.Deploy.0 = Debug|Any CPU
		{62EEF33A-BDDF-4720-9A7D-5CA2723D7836}.Release|Any CPU.ActiveCfg = Release|Any CPU
		{62EEF33A-BDDF-4720-9A7D-5CA2723D7836}.Release|Any CPU.Build.0 = Release|Any CPU
		{62EEF33A-BDDF-4720-9A7D-5CA2723D7836}.Release|Any CPU.Deploy.0 = Release|Any CPU
		{62EEF33A-BDDF-4720-9A7D-5CA2723D7836}.Release|ARM.ActiveCfg = Release|Any CPU
		{62EEF33A-BDDF-4720-9A7D-5CA2723D7836}.Release|ARM.Build.0 = Release|Any CPU
		{62EEF33A-BDDF-4720-9A7D-5CA2723D7836}.Release|ARM.Deploy.0 = Release|Any CPU
		{62EEF33A-BDDF-4720-9A7D-5CA2723D7836}.Release|iPhone.ActiveCfg = Release|Any CPU
		{62EEF33A-BDDF-4720-9A7D-5CA2723D7836}.Release|iPhone.Build.0 = Release|Any CPU
		{62EEF33A-BDDF-4720-9A7D-5CA2723D7836}.Release|iPhone.Deploy.0 = Release|Any CPU
		{62EEF33A-BDDF-4720-9A7D-5CA2723D7836}.Release|iPhoneSimulator.ActiveCfg = Release|Any CPU
		{62EEF33A-BDDF-4720-9A7D-5CA2723D7836}.Release|iPhoneSimulator.Build.0 = Release|Any CPU
		{62EEF33A-BDDF-4720-9A7D-5CA2723D7836}.Release|iPhoneSimulator.Deploy.0 = Release|Any CPU
		{62EEF33A-BDDF-4720-9A7D-5CA2723D7836}.Release|x64.ActiveCfg = Release|Any CPU
		{62EEF33A-BDDF-4720-9A7D-5CA2723D7836}.Release|x64.Build.0 = Release|Any CPU
		{62EEF33A-BDDF-4720-9A7D-5CA2723D7836}.Release|x64.Deploy.0 = Release|Any CPU
		{62EEF33A-BDDF-4720-9A7D-5CA2723D7836}.Release|x86.ActiveCfg = Release|Any CPU
		{62EEF33A-BDDF-4720-9A7D-5CA2723D7836}.Release|x86.Build.0 = Release|Any CPU
		{62EEF33A-BDDF-4720-9A7D-5CA2723D7836}.Release|x86.Deploy.0 = Release|Any CPU
		{642A86BA-0345-4178-AAD9-45ED77E3E222}.Debug|Any CPU.ActiveCfg = Debug|iPhoneSimulator
		{642A86BA-0345-4178-AAD9-45ED77E3E222}.Debug|Any CPU.Build.0 = Debug|iPhoneSimulator
		{642A86BA-0345-4178-AAD9-45ED77E3E222}.Debug|Any CPU.Deploy.0 = Debug|iPhoneSimulator
		{642A86BA-0345-4178-AAD9-45ED77E3E222}.Debug|ARM.ActiveCfg = Debug|iPhone
		{642A86BA-0345-4178-AAD9-45ED77E3E222}.Debug|ARM.Build.0 = Debug|iPhone
		{642A86BA-0345-4178-AAD9-45ED77E3E222}.Debug|ARM.Deploy.0 = Debug|iPhone
		{642A86BA-0345-4178-AAD9-45ED77E3E222}.Debug|iPhone.ActiveCfg = Debug|iPhone
		{642A86BA-0345-4178-AAD9-45ED77E3E222}.Debug|iPhone.Build.0 = Debug|iPhone
		{642A86BA-0345-4178-AAD9-45ED77E3E222}.Debug|iPhone.Deploy.0 = Debug|iPhone
		{642A86BA-0345-4178-AAD9-45ED77E3E222}.Debug|iPhoneSimulator.ActiveCfg = Debug|iPhoneSimulator
		{642A86BA-0345-4178-AAD9-45ED77E3E222}.Debug|iPhoneSimulator.Build.0 = Debug|iPhoneSimulator
		{642A86BA-0345-4178-AAD9-45ED77E3E222}.Debug|iPhoneSimulator.Deploy.0 = Debug|iPhoneSimulator
		{642A86BA-0345-4178-AAD9-45ED77E3E222}.Debug|x64.ActiveCfg = Debug|iPhoneSimulator
		{642A86BA-0345-4178-AAD9-45ED77E3E222}.Debug|x64.Build.0 = Debug|iPhoneSimulator
		{642A86BA-0345-4178-AAD9-45ED77E3E222}.Debug|x64.Deploy.0 = Debug|iPhoneSimulator
		{642A86BA-0345-4178-AAD9-45ED77E3E222}.Debug|x86.ActiveCfg = Debug|iPhoneSimulator
		{642A86BA-0345-4178-AAD9-45ED77E3E222}.Debug|x86.Build.0 = Debug|iPhoneSimulator
		{642A86BA-0345-4178-AAD9-45ED77E3E222}.Debug|x86.Deploy.0 = Debug|iPhoneSimulator
		{642A86BA-0345-4178-AAD9-45ED77E3E222}.Release|Any CPU.ActiveCfg = Release|iPhoneSimulator
		{642A86BA-0345-4178-AAD9-45ED77E3E222}.Release|Any CPU.Build.0 = Release|iPhoneSimulator
		{642A86BA-0345-4178-AAD9-45ED77E3E222}.Release|Any CPU.Deploy.0 = Release|iPhoneSimulator
		{642A86BA-0345-4178-AAD9-45ED77E3E222}.Release|ARM.ActiveCfg = Release|iPhoneSimulator
		{642A86BA-0345-4178-AAD9-45ED77E3E222}.Release|ARM.Build.0 = Release|iPhoneSimulator
		{642A86BA-0345-4178-AAD9-45ED77E3E222}.Release|ARM.Deploy.0 = Release|iPhoneSimulator
		{642A86BA-0345-4178-AAD9-45ED77E3E222}.Release|iPhone.ActiveCfg = Release|iPhone
		{642A86BA-0345-4178-AAD9-45ED77E3E222}.Release|iPhone.Build.0 = Release|iPhone
		{642A86BA-0345-4178-AAD9-45ED77E3E222}.Release|iPhone.Deploy.0 = Release|iPhone
		{642A86BA-0345-4178-AAD9-45ED77E3E222}.Release|iPhoneSimulator.ActiveCfg = Release|iPhoneSimulator
		{642A86BA-0345-4178-AAD9-45ED77E3E222}.Release|iPhoneSimulator.Build.0 = Release|iPhoneSimulator
		{642A86BA-0345-4178-AAD9-45ED77E3E222}.Release|iPhoneSimulator.Deploy.0 = Release|iPhoneSimulator
		{642A86BA-0345-4178-AAD9-45ED77E3E222}.Release|x64.ActiveCfg = Release|iPhoneSimulator
		{642A86BA-0345-4178-AAD9-45ED77E3E222}.Release|x64.Build.0 = Release|iPhoneSimulator
		{642A86BA-0345-4178-AAD9-45ED77E3E222}.Release|x64.Deploy.0 = Release|iPhoneSimulator
		{642A86BA-0345-4178-AAD9-45ED77E3E222}.Release|x86.ActiveCfg = Release|iPhoneSimulator
		{642A86BA-0345-4178-AAD9-45ED77E3E222}.Release|x86.Build.0 = Release|iPhoneSimulator
		{642A86BA-0345-4178-AAD9-45ED77E3E222}.Release|x86.Deploy.0 = Release|iPhoneSimulator
		{5E40E9EF-1B1E-48BA-93E3-EB818AAE5471}.Debug|Any CPU.ActiveCfg = Debug|Any CPU
		{5E40E9EF-1B1E-48BA-93E3-EB818AAE5471}.Debug|Any CPU.Build.0 = Debug|Any CPU
		{5E40E9EF-1B1E-48BA-93E3-EB818AAE5471}.Debug|Any CPU.Deploy.0 = Debug|Any CPU
		{5E40E9EF-1B1E-48BA-93E3-EB818AAE5471}.Debug|ARM.ActiveCfg = Debug|Any CPU
		{5E40E9EF-1B1E-48BA-93E3-EB818AAE5471}.Debug|ARM.Build.0 = Debug|Any CPU
		{5E40E9EF-1B1E-48BA-93E3-EB818AAE5471}.Debug|ARM.Deploy.0 = Debug|Any CPU
		{5E40E9EF-1B1E-48BA-93E3-EB818AAE5471}.Debug|iPhone.ActiveCfg = Debug|Any CPU
		{5E40E9EF-1B1E-48BA-93E3-EB818AAE5471}.Debug|iPhone.Build.0 = Debug|Any CPU
		{5E40E9EF-1B1E-48BA-93E3-EB818AAE5471}.Debug|iPhone.Deploy.0 = Debug|Any CPU
		{5E40E9EF-1B1E-48BA-93E3-EB818AAE5471}.Debug|iPhoneSimulator.ActiveCfg = Debug|Any CPU
		{5E40E9EF-1B1E-48BA-93E3-EB818AAE5471}.Debug|iPhoneSimulator.Build.0 = Debug|Any CPU
		{5E40E9EF-1B1E-48BA-93E3-EB818AAE5471}.Debug|iPhoneSimulator.Deploy.0 = Debug|Any CPU
		{5E40E9EF-1B1E-48BA-93E3-EB818AAE5471}.Debug|x64.ActiveCfg = Debug|Any CPU
		{5E40E9EF-1B1E-48BA-93E3-EB818AAE5471}.Debug|x64.Build.0 = Debug|Any CPU
		{5E40E9EF-1B1E-48BA-93E3-EB818AAE5471}.Debug|x64.Deploy.0 = Debug|Any CPU
		{5E40E9EF-1B1E-48BA-93E3-EB818AAE5471}.Debug|x86.ActiveCfg = Debug|Any CPU
		{5E40E9EF-1B1E-48BA-93E3-EB818AAE5471}.Debug|x86.Build.0 = Debug|Any CPU
		{5E40E9EF-1B1E-48BA-93E3-EB818AAE5471}.Debug|x86.Deploy.0 = Debug|Any CPU
		{5E40E9EF-1B1E-48BA-93E3-EB818AAE5471}.Release|Any CPU.ActiveCfg = Release|Any CPU
		{5E40E9EF-1B1E-48BA-93E3-EB818AAE5471}.Release|Any CPU.Build.0 = Release|Any CPU
		{5E40E9EF-1B1E-48BA-93E3-EB818AAE5471}.Release|Any CPU.Deploy.0 = Release|Any CPU
		{5E40E9EF-1B1E-48BA-93E3-EB818AAE5471}.Release|ARM.ActiveCfg = Release|Any CPU
		{5E40E9EF-1B1E-48BA-93E3-EB818AAE5471}.Release|ARM.Build.0 = Release|Any CPU
		{5E40E9EF-1B1E-48BA-93E3-EB818AAE5471}.Release|ARM.Deploy.0 = Release|Any CPU
		{5E40E9EF-1B1E-48BA-93E3-EB818AAE5471}.Release|iPhone.ActiveCfg = Release|Any CPU
		{5E40E9EF-1B1E-48BA-93E3-EB818AAE5471}.Release|iPhone.Build.0 = Release|Any CPU
		{5E40E9EF-1B1E-48BA-93E3-EB818AAE5471}.Release|iPhone.Deploy.0 = Release|Any CPU
		{5E40E9EF-1B1E-48BA-93E3-EB818AAE5471}.Release|iPhoneSimulator.ActiveCfg = Release|Any CPU
		{5E40E9EF-1B1E-48BA-93E3-EB818AAE5471}.Release|iPhoneSimulator.Build.0 = Release|Any CPU
		{5E40E9EF-1B1E-48BA-93E3-EB818AAE5471}.Release|iPhoneSimulator.Deploy.0 = Release|Any CPU
		{5E40E9EF-1B1E-48BA-93E3-EB818AAE5471}.Release|x64.ActiveCfg = Release|Any CPU
		{5E40E9EF-1B1E-48BA-93E3-EB818AAE5471}.Release|x64.Build.0 = Release|Any CPU
		{5E40E9EF-1B1E-48BA-93E3-EB818AAE5471}.Release|x64.Deploy.0 = Release|Any CPU
		{5E40E9EF-1B1E-48BA-93E3-EB818AAE5471}.Release|x86.ActiveCfg = Release|Any CPU
		{5E40E9EF-1B1E-48BA-93E3-EB818AAE5471}.Release|x86.Build.0 = Release|Any CPU
		{5E40E9EF-1B1E-48BA-93E3-EB818AAE5471}.Release|x86.Deploy.0 = Release|Any CPU
		{42501C8C-B712-4109-B769-3BD18F6D9F27}.Debug|Any CPU.ActiveCfg = Debug|Any CPU
		{42501C8C-B712-4109-B769-3BD18F6D9F27}.Debug|Any CPU.Build.0 = Debug|Any CPU
		{42501C8C-B712-4109-B769-3BD18F6D9F27}.Debug|ARM.ActiveCfg = Debug|Any CPU
		{42501C8C-B712-4109-B769-3BD18F6D9F27}.Debug|ARM.Build.0 = Debug|Any CPU
		{42501C8C-B712-4109-B769-3BD18F6D9F27}.Debug|iPhone.ActiveCfg = Debug|Any CPU
		{42501C8C-B712-4109-B769-3BD18F6D9F27}.Debug|iPhone.Build.0 = Debug|Any CPU
		{42501C8C-B712-4109-B769-3BD18F6D9F27}.Debug|iPhoneSimulator.ActiveCfg = Debug|Any CPU
		{42501C8C-B712-4109-B769-3BD18F6D9F27}.Debug|iPhoneSimulator.Build.0 = Debug|Any CPU
		{42501C8C-B712-4109-B769-3BD18F6D9F27}.Debug|x64.ActiveCfg = Debug|Any CPU
		{42501C8C-B712-4109-B769-3BD18F6D9F27}.Debug|x64.Build.0 = Debug|Any CPU
		{42501C8C-B712-4109-B769-3BD18F6D9F27}.Debug|x86.ActiveCfg = Debug|Any CPU
		{42501C8C-B712-4109-B769-3BD18F6D9F27}.Debug|x86.Build.0 = Debug|Any CPU
		{42501C8C-B712-4109-B769-3BD18F6D9F27}.Release|Any CPU.ActiveCfg = Release|Any CPU
		{42501C8C-B712-4109-B769-3BD18F6D9F27}.Release|Any CPU.Build.0 = Release|Any CPU
		{42501C8C-B712-4109-B769-3BD18F6D9F27}.Release|ARM.ActiveCfg = Release|Any CPU
		{42501C8C-B712-4109-B769-3BD18F6D9F27}.Release|ARM.Build.0 = Release|Any CPU
		{42501C8C-B712-4109-B769-3BD18F6D9F27}.Release|iPhone.ActiveCfg = Release|Any CPU
		{42501C8C-B712-4109-B769-3BD18F6D9F27}.Release|iPhone.Build.0 = Release|Any CPU
		{42501C8C-B712-4109-B769-3BD18F6D9F27}.Release|iPhoneSimulator.ActiveCfg = Release|Any CPU
		{42501C8C-B712-4109-B769-3BD18F6D9F27}.Release|iPhoneSimulator.Build.0 = Release|Any CPU
		{42501C8C-B712-4109-B769-3BD18F6D9F27}.Release|x64.ActiveCfg = Release|Any CPU
		{42501C8C-B712-4109-B769-3BD18F6D9F27}.Release|x64.Build.0 = Release|Any CPU
		{42501C8C-B712-4109-B769-3BD18F6D9F27}.Release|x86.ActiveCfg = Release|Any CPU
		{42501C8C-B712-4109-B769-3BD18F6D9F27}.Release|x86.Build.0 = Release|Any CPU
		{DC6E9C69-0A0E-48D6-AF58-EF6D3017B71F}.Debug|Any CPU.ActiveCfg = Debug|Any CPU
		{DC6E9C69-0A0E-48D6-AF58-EF6D3017B71F}.Debug|Any CPU.Build.0 = Debug|Any CPU
		{DC6E9C69-0A0E-48D6-AF58-EF6D3017B71F}.Debug|ARM.ActiveCfg = Debug|Any CPU
		{DC6E9C69-0A0E-48D6-AF58-EF6D3017B71F}.Debug|ARM.Build.0 = Debug|Any CPU
		{DC6E9C69-0A0E-48D6-AF58-EF6D3017B71F}.Debug|iPhone.ActiveCfg = Debug|Any CPU
		{DC6E9C69-0A0E-48D6-AF58-EF6D3017B71F}.Debug|iPhone.Build.0 = Debug|Any CPU
		{DC6E9C69-0A0E-48D6-AF58-EF6D3017B71F}.Debug|iPhoneSimulator.ActiveCfg = Debug|Any CPU
		{DC6E9C69-0A0E-48D6-AF58-EF6D3017B71F}.Debug|iPhoneSimulator.Build.0 = Debug|Any CPU
		{DC6E9C69-0A0E-48D6-AF58-EF6D3017B71F}.Debug|x64.ActiveCfg = Debug|Any CPU
		{DC6E9C69-0A0E-48D6-AF58-EF6D3017B71F}.Debug|x64.Build.0 = Debug|Any CPU
		{DC6E9C69-0A0E-48D6-AF58-EF6D3017B71F}.Debug|x86.ActiveCfg = Debug|Any CPU
		{DC6E9C69-0A0E-48D6-AF58-EF6D3017B71F}.Debug|x86.Build.0 = Debug|Any CPU
		{DC6E9C69-0A0E-48D6-AF58-EF6D3017B71F}.Release|Any CPU.ActiveCfg = Release|Any CPU
		{DC6E9C69-0A0E-48D6-AF58-EF6D3017B71F}.Release|Any CPU.Build.0 = Release|Any CPU
		{DC6E9C69-0A0E-48D6-AF58-EF6D3017B71F}.Release|ARM.ActiveCfg = Release|Any CPU
		{DC6E9C69-0A0E-48D6-AF58-EF6D3017B71F}.Release|ARM.Build.0 = Release|Any CPU
		{DC6E9C69-0A0E-48D6-AF58-EF6D3017B71F}.Release|iPhone.ActiveCfg = Release|Any CPU
		{DC6E9C69-0A0E-48D6-AF58-EF6D3017B71F}.Release|iPhone.Build.0 = Release|Any CPU
		{DC6E9C69-0A0E-48D6-AF58-EF6D3017B71F}.Release|iPhoneSimulator.ActiveCfg = Release|Any CPU
		{DC6E9C69-0A0E-48D6-AF58-EF6D3017B71F}.Release|iPhoneSimulator.Build.0 = Release|Any CPU
		{DC6E9C69-0A0E-48D6-AF58-EF6D3017B71F}.Release|x64.ActiveCfg = Release|Any CPU
		{DC6E9C69-0A0E-48D6-AF58-EF6D3017B71F}.Release|x64.Build.0 = Release|Any CPU
		{DC6E9C69-0A0E-48D6-AF58-EF6D3017B71F}.Release|x86.ActiveCfg = Release|Any CPU
		{DC6E9C69-0A0E-48D6-AF58-EF6D3017B71F}.Release|x86.Build.0 = Release|Any CPU
		{423EE831-AE8E-4AB1-B0CC-91B474F9A7C1}.Debug|Any CPU.ActiveCfg = Debug|Any CPU
		{423EE831-AE8E-4AB1-B0CC-91B474F9A7C1}.Debug|Any CPU.Build.0 = Debug|Any CPU
		{423EE831-AE8E-4AB1-B0CC-91B474F9A7C1}.Debug|ARM.ActiveCfg = Debug|Any CPU
		{423EE831-AE8E-4AB1-B0CC-91B474F9A7C1}.Debug|ARM.Build.0 = Debug|Any CPU
		{423EE831-AE8E-4AB1-B0CC-91B474F9A7C1}.Debug|iPhone.ActiveCfg = Debug|Any CPU
		{423EE831-AE8E-4AB1-B0CC-91B474F9A7C1}.Debug|iPhone.Build.0 = Debug|Any CPU
		{423EE831-AE8E-4AB1-B0CC-91B474F9A7C1}.Debug|iPhoneSimulator.ActiveCfg = Debug|Any CPU
		{423EE831-AE8E-4AB1-B0CC-91B474F9A7C1}.Debug|iPhoneSimulator.Build.0 = Debug|Any CPU
		{423EE831-AE8E-4AB1-B0CC-91B474F9A7C1}.Debug|x64.ActiveCfg = Debug|Any CPU
		{423EE831-AE8E-4AB1-B0CC-91B474F9A7C1}.Debug|x64.Build.0 = Debug|Any CPU
		{423EE831-AE8E-4AB1-B0CC-91B474F9A7C1}.Debug|x86.ActiveCfg = Debug|Any CPU
		{423EE831-AE8E-4AB1-B0CC-91B474F9A7C1}.Debug|x86.Build.0 = Debug|Any CPU
		{423EE831-AE8E-4AB1-B0CC-91B474F9A7C1}.Release|Any CPU.ActiveCfg = Release|Any CPU
		{423EE831-AE8E-4AB1-B0CC-91B474F9A7C1}.Release|Any CPU.Build.0 = Release|Any CPU
		{423EE831-AE8E-4AB1-B0CC-91B474F9A7C1}.Release|ARM.ActiveCfg = Release|Any CPU
		{423EE831-AE8E-4AB1-B0CC-91B474F9A7C1}.Release|ARM.Build.0 = Release|Any CPU
		{423EE831-AE8E-4AB1-B0CC-91B474F9A7C1}.Release|iPhone.ActiveCfg = Release|Any CPU
		{423EE831-AE8E-4AB1-B0CC-91B474F9A7C1}.Release|iPhone.Build.0 = Release|Any CPU
		{423EE831-AE8E-4AB1-B0CC-91B474F9A7C1}.Release|iPhoneSimulator.ActiveCfg = Release|Any CPU
		{423EE831-AE8E-4AB1-B0CC-91B474F9A7C1}.Release|iPhoneSimulator.Build.0 = Release|Any CPU
		{423EE831-AE8E-4AB1-B0CC-91B474F9A7C1}.Release|x64.ActiveCfg = Release|Any CPU
		{423EE831-AE8E-4AB1-B0CC-91B474F9A7C1}.Release|x64.Build.0 = Release|Any CPU
		{423EE831-AE8E-4AB1-B0CC-91B474F9A7C1}.Release|x86.ActiveCfg = Release|Any CPU
		{423EE831-AE8E-4AB1-B0CC-91B474F9A7C1}.Release|x86.Build.0 = Release|Any CPU
	EndGlobalSection
	GlobalSection(SolutionProperties) = preSolution
		HideSolutionNode = FALSE
	EndGlobalSection
	GlobalSection(ExtensibilityGlobals) = postSolution
		SolutionGuid = {C440A056-428E-45E8-B8EB-20DD09DC918C}
	EndGlobalSection
EndGlobal
