
Microsoft Visual Studio Solution File, Format Version 12.00
# Visual Studio Version 16
VisualStudioVersion = 16.0.30907.101
MinimumVisualStudioVersion = 10.0.40219.1
Project("{FAE04EC0-301F-11D3-BF4B-00C04F79EFBC}") = "CRUDPersonasXamarin.UWP", "CRUDPersonasXamarin\CRUDPersonasXamarin.UWP\CRUDPersonasXamarin.UWP.csproj", "{FC73FF96-FBDF-4FE9-9B2A-0AC185BBD88E}"
EndProject
Project("{FAE04EC0-301F-11D3-BF4B-00C04F79EFBC}") = "CRUDPersonasXamarin.Android", "CRUDPersonasXamarin\CRUDPersonasXamarin.Android\CRUDPersonasXamarin.Android.csproj", "{55FEF2BB-4FFC-4B1B-8F3F-E7BDCECA1EAF}"
EndProject
Project("{FAE04EC0-301F-11D3-BF4B-00C04F79EFBC}") = "CRUDPersonasXamarin.iOS", "CRUDPersonasXamarin\CRUDPersonasXamarin.iOS\CRUDPersonasXamarin.iOS.csproj", "{D085EF4D-452B-4A13-AB26-3E79E8838814}"
EndProject
Project("{FAE04EC0-301F-11D3-BF4B-00C04F79EFBC}") = "CRUDPersonasXamarin", "CRUDPersonasXamarin\CRUDPersonasXamarin\CRUDPersonasXamarin.csproj", "{F6FED9A2-ED10-4EF2-B85A-0BE35E69AFDB}"
EndProject
Global
	GlobalSection(SolutionConfigurationPlatforms) = preSolution
		Debug|Any CPU = Debug|Any CPU
		Debug|ARM = Debug|ARM
		Debug|iPhone = Debug|iPhone
		Debug|iPhoneSimulator = Debug|iPhoneSimulator
		Debug|x64 = Debug|x64
		Debug|x86 = Debug|x86
		Release|Any CPU = Release|Any CPU
		Release|ARM = Release|ARM
		Release|iPhone = Release|iPhone
		Release|iPhoneSimulator = Release|iPhoneSimulator
		Release|x64 = Release|x64
		Release|x86 = Release|x86
	EndGlobalSection
	GlobalSection(ProjectConfigurationPlatforms) = postSolution
		{FC73FF96-FBDF-4FE9-9B2A-0AC185BBD88E}.Debug|Any CPU.ActiveCfg = Debug|x86
		{FC73FF96-FBDF-4FE9-9B2A-0AC185BBD88E}.Debug|Any CPU.Build.0 = Debug|x86
		{FC73FF96-FBDF-4FE9-9B2A-0AC185BBD88E}.Debug|Any CPU.Deploy.0 = Debug|x86
		{FC73FF96-FBDF-4FE9-9B2A-0AC185BBD88E}.Debug|ARM.ActiveCfg = Debug|ARM
		{FC73FF96-FBDF-4FE9-9B2A-0AC185BBD88E}.Debug|ARM.Build.0 = Debug|ARM
		{FC73FF96-FBDF-4FE9-9B2A-0AC185BBD88E}.Debug|ARM.Deploy.0 = Debug|ARM
		{FC73FF96-FBDF-4FE9-9B2A-0AC185BBD88E}.Debug|iPhone.ActiveCfg = Debug|x86
		{FC73FF96-FBDF-4FE9-9B2A-0AC185BBD88E}.Debug|iPhone.Build.0 = Debug|x86
		{FC73FF96-FBDF-4FE9-9B2A-0AC185BBD88E}.Debug|iPhone.Deploy.0 = Debug|x86
		{FC73FF96-FBDF-4FE9-9B2A-0AC185BBD88E}.Debug|iPhoneSimulator.ActiveCfg = Debug|x86
		{FC73FF96-FBDF-4FE9-9B2A-0AC185BBD88E}.Debug|iPhoneSimulator.Build.0 = Debug|x86
		{FC73FF96-FBDF-4FE9-9B2A-0AC185BBD88E}.Debug|iPhoneSimulator.Deploy.0 = Debug|x86
		{FC73FF96-FBDF-4FE9-9B2A-0AC185BBD88E}.Debug|x64.ActiveCfg = Debug|x64
		{FC73FF96-FBDF-4FE9-9B2A-0AC185BBD88E}.Debug|x64.Build.0 = Debug|x64
		{FC73FF96-FBDF-4FE9-9B2A-0AC185BBD88E}.Debug|x64.Deploy.0 = Debug|x64
		{FC73FF96-FBDF-4FE9-9B2A-0AC185BBD88E}.Debug|x86.ActiveCfg = Debug|x86
		{FC73FF96-FBDF-4FE9-9B2A-0AC185BBD88E}.Debug|x86.Build.0 = Debug|x86
		{FC73FF96-FBDF-4FE9-9B2A-0AC185BBD88E}.Debug|x86.Deploy.0 = Debug|x86
		{FC73FF96-FBDF-4FE9-9B2A-0AC185BBD88E}.Release|Any CPU.ActiveCfg = Release|x86
		{FC73FF96-FBDF-4FE9-9B2A-0AC185BBD88E}.Release|Any CPU.Build.0 = Release|x86
		{FC73FF96-FBDF-4FE9-9B2A-0AC185BBD88E}.Release|Any CPU.Deploy.0 = Release|x86
		{FC73FF96-FBDF-4FE9-9B2A-0AC185BBD88E}.Release|ARM.ActiveCfg = Release|ARM
		{FC73FF96-FBDF-4FE9-9B2A-0AC185BBD88E}.Release|ARM.Build.0 = Release|ARM
		{FC73FF96-FBDF-4FE9-9B2A-0AC185BBD88E}.Release|ARM.Deploy.0 = Release|ARM
		{FC73FF96-FBDF-4FE9-9B2A-0AC185BBD88E}.Release|iPhone.ActiveCfg = Release|x86
		{FC73FF96-FBDF-4FE9-9B2A-0AC185BBD88E}.Release|iPhone.Build.0 = Release|x86
		{FC73FF96-FBDF-4FE9-9B2A-0AC185BBD88E}.Release|iPhone.Deploy.0 = Release|x86
		{FC73FF96-FBDF-4FE9-9B2A-0AC185BBD88E}.Release|iPhoneSimulator.ActiveCfg = Release|x86
		{FC73FF96-FBDF-4FE9-9B2A-0AC185BBD88E}.Release|iPhoneSimulator.Build.0 = Release|x86
		{FC73FF96-FBDF-4FE9-9B2A-0AC185BBD88E}.Release|iPhoneSimulator.Deploy.0 = Release|x86
		{FC73FF96-FBDF-4FE9-9B2A-0AC185BBD88E}.Release|x64.ActiveCfg = Release|x64
		{FC73FF96-FBDF-4FE9-9B2A-0AC185BBD88E}.Release|x64.Build.0 = Release|x64
		{FC73FF96-FBDF-4FE9-9B2A-0AC185BBD88E}.Release|x64.Deploy.0 = Release|x64
		{FC73FF96-FBDF-4FE9-9B2A-0AC185BBD88E}.Release|x86.ActiveCfg = Release|x86
		{FC73FF96-FBDF-4FE9-9B2A-0AC185BBD88E}.Release|x86.Build.0 = Release|x86
		{FC73FF96-FBDF-4FE9-9B2A-0AC185BBD88E}.Release|x86.Deploy.0 = Release|x86
		{55FEF2BB-4FFC-4B1B-8F3F-E7BDCECA1EAF}.Debug|Any CPU.ActiveCfg = Debug|Any CPU
		{55FEF2BB-4FFC-4B1B-8F3F-E7BDCECA1EAF}.Debug|Any CPU.Build.0 = Debug|Any CPU
		{55FEF2BB-4FFC-4B1B-8F3F-E7BDCECA1EAF}.Debug|Any CPU.Deploy.0 = Debug|Any CPU
		{55FEF2BB-4FFC-4B1B-8F3F-E7BDCECA1EAF}.Debug|ARM.ActiveCfg = Debug|Any CPU
		{55FEF2BB-4FFC-4B1B-8F3F-E7BDCECA1EAF}.Debug|ARM.Build.0 = Debug|Any CPU
		{55FEF2BB-4FFC-4B1B-8F3F-E7BDCECA1EAF}.Debug|ARM.Deploy.0 = Debug|Any CPU
		{55FEF2BB-4FFC-4B1B-8F3F-E7BDCECA1EAF}.Debug|iPhone.ActiveCfg = Debug|Any CPU
		{55FEF2BB-4FFC-4B1B-8F3F-E7BDCECA1EAF}.Debug|iPhone.Build.0 = Debug|Any CPU
		{55FEF2BB-4FFC-4B1B-8F3F-E7BDCECA1EAF}.Debug|iPhone.Deploy.0 = Debug|Any CPU
		{55FEF2BB-4FFC-4B1B-8F3F-E7BDCECA1EAF}.Debug|iPhoneSimulator.ActiveCfg = Debug|Any CPU
		{55FEF2BB-4FFC-4B1B-8F3F-E7BDCECA1EAF}.Debug|iPhoneSimulator.Build.0 = Debug|Any CPU
		{55FEF2BB-4FFC-4B1B-8F3F-E7BDCECA1EAF}.Debug|iPhoneSimulator.Deploy.0 = Debug|Any CPU
		{55FEF2BB-4FFC-4B1B-8F3F-E7BDCECA1EAF}.Debug|x64.ActiveCfg = Debug|Any CPU
		{55FEF2BB-4FFC-4B1B-8F3F-E7BDCECA1EAF}.Debug|x64.Build.0 = Debug|Any CPU
		{55FEF2BB-4FFC-4B1B-8F3F-E7BDCECA1EAF}.Debug|x64.Deploy.0 = Debug|Any CPU
		{55FEF2BB-4FFC-4B1B-8F3F-E7BDCECA1EAF}.Debug|x86.ActiveCfg = Debug|Any CPU
		{55FEF2BB-4FFC-4B1B-8F3F-E7BDCECA1EAF}.Debug|x86.Build.0 = Debug|Any CPU
		{55FEF2BB-4FFC-4B1B-8F3F-E7BDCECA1EAF}.Debug|x86.Deploy.0 = Debug|Any CPU
		{55FEF2BB-4FFC-4B1B-8F3F-E7BDCECA1EAF}.Release|Any CPU.ActiveCfg = Release|Any CPU
		{55FEF2BB-4FFC-4B1B-8F3F-E7BDCECA1EAF}.Release|Any CPU.Build.0 = Release|Any CPU
		{55FEF2BB-4FFC-4B1B-8F3F-E7BDCECA1EAF}.Release|Any CPU.Deploy.0 = Release|Any CPU
		{55FEF2BB-4FFC-4B1B-8F3F-E7BDCECA1EAF}.Release|ARM.ActiveCfg = Release|Any CPU
		{55FEF2BB-4FFC-4B1B-8F3F-E7BDCECA1EAF}.Release|ARM.Build.0 = Release|Any CPU
		{55FEF2BB-4FFC-4B1B-8F3F-E7BDCECA1EAF}.Release|ARM.Deploy.0 = Release|Any CPU
		{55FEF2BB-4FFC-4B1B-8F3F-E7BDCECA1EAF}.Release|iPhone.ActiveCfg = Release|Any CPU
		{55FEF2BB-4FFC-4B1B-8F3F-E7BDCECA1EAF}.Release|iPhone.Build.0 = Release|Any CPU
		{55FEF2BB-4FFC-4B1B-8F3F-E7BDCECA1EAF}.Release|iPhone.Deploy.0 = Release|Any CPU
		{55FEF2BB-4FFC-4B1B-8F3F-E7BDCECA1EAF}.Release|iPhoneSimulator.ActiveCfg = Release|Any CPU
		{55FEF2BB-4FFC-4B1B-8F3F-E7BDCECA1EAF}.Release|iPhoneSimulator.Build.0 = Release|Any CPU
		{55FEF2BB-4FFC-4B1B-8F3F-E7BDCECA1EAF}.Release|iPhoneSimulator.Deploy.0 = Release|Any CPU
		{55FEF2BB-4FFC-4B1B-8F3F-E7BDCECA1EAF}.Release|x64.ActiveCfg = Release|Any CPU
		{55FEF2BB-4FFC-4B1B-8F3F-E7BDCECA1EAF}.Release|x64.Build.0 = Release|Any CPU
		{55FEF2BB-4FFC-4B1B-8F3F-E7BDCECA1EAF}.Release|x64.Deploy.0 = Release|Any CPU
		{55FEF2BB-4FFC-4B1B-8F3F-E7BDCECA1EAF}.Release|x86.ActiveCfg = Release|Any CPU
		{55FEF2BB-4FFC-4B1B-8F3F-E7BDCECA1EAF}.Release|x86.Build.0 = Release|Any CPU
		{55FEF2BB-4FFC-4B1B-8F3F-E7BDCECA1EAF}.Release|x86.Deploy.0 = Release|Any CPU
		{D085EF4D-452B-4A13-AB26-3E79E8838814}.Debug|Any CPU.ActiveCfg = Debug|iPhoneSimulator
		{D085EF4D-452B-4A13-AB26-3E79E8838814}.Debug|Any CPU.Build.0 = Debug|iPhoneSimulator
		{D085EF4D-452B-4A13-AB26-3E79E8838814}.Debug|Any CPU.Deploy.0 = Debug|iPhoneSimulator
		{D085EF4D-452B-4A13-AB26-3E79E8838814}.Debug|ARM.ActiveCfg = Debug|iPhone
		{D085EF4D-452B-4A13-AB26-3E79E8838814}.Debug|ARM.Build.0 = Debug|iPhone
		{D085EF4D-452B-4A13-AB26-3E79E8838814}.Debug|ARM.Deploy.0 = Debug|iPhone
		{D085EF4D-452B-4A13-AB26-3E79E8838814}.Debug|iPhone.ActiveCfg = Debug|iPhone
		{D085EF4D-452B-4A13-AB26-3E79E8838814}.Debug|iPhone.Build.0 = Debug|iPhone
		{D085EF4D-452B-4A13-AB26-3E79E8838814}.Debug|iPhone.Deploy.0 = Debug|iPhone
		{D085EF4D-452B-4A13-AB26-3E79E8838814}.Debug|iPhoneSimulator.ActiveCfg = Debug|iPhoneSimulator
		{D085EF4D-452B-4A13-AB26-3E79E8838814}.Debug|iPhoneSimulator.Build.0 = Debug|iPhoneSimulator
		{D085EF4D-452B-4A13-AB26-3E79E8838814}.Debug|iPhoneSimulator.Deploy.0 = Debug|iPhoneSimulator
		{D085EF4D-452B-4A13-AB26-3E79E8838814}.Debug|x64.ActiveCfg = Debug|iPhoneSimulator
		{D085EF4D-452B-4A13-AB26-3E79E8838814}.Debug|x64.Build.0 = Debug|iPhoneSimulator
		{D085EF4D-452B-4A13-AB26-3E79E8838814}.Debug|x64.Deploy.0 = Debug|iPhoneSimulator
		{D085EF4D-452B-4A13-AB26-3E79E8838814}.Debug|x86.ActiveCfg = Debug|iPhoneSimulator
		{D085EF4D-452B-4A13-AB26-3E79E8838814}.Debug|x86.Build.0 = Debug|iPhoneSimulator
		{D085EF4D-452B-4A13-AB26-3E79E8838814}.Debug|x86.Deploy.0 = Debug|iPhoneSimulator
		{D085EF4D-452B-4A13-AB26-3E79E8838814}.Release|Any CPU.ActiveCfg = Release|iPhoneSimulator
		{D085EF4D-452B-4A13-AB26-3E79E8838814}.Release|Any CPU.Build.0 = Release|iPhoneSimulator
		{D085EF4D-452B-4A13-AB26-3E79E8838814}.Release|Any CPU.Deploy.0 = Release|iPhoneSimulator
		{D085EF4D-452B-4A13-AB26-3E79E8838814}.Release|ARM.ActiveCfg = Release|iPhoneSimulator
		{D085EF4D-452B-4A13-AB26-3E79E8838814}.Release|ARM.Build.0 = Release|iPhoneSimulator
		{D085EF4D-452B-4A13-AB26-3E79E8838814}.Release|ARM.Deploy.0 = Release|iPhoneSimulator
		{D085EF4D-452B-4A13-AB26-3E79E8838814}.Release|iPhone.ActiveCfg = Release|iPhone
		{D085EF4D-452B-4A13-AB26-3E79E8838814}.Release|iPhone.Build.0 = Release|iPhone
		{D085EF4D-452B-4A13-AB26-3E79E8838814}.Release|iPhone.Deploy.0 = Release|iPhone
		{D085EF4D-452B-4A13-AB26-3E79E8838814}.Release|iPhoneSimulator.ActiveCfg = Release|iPhoneSimulator
		{D085EF4D-452B-4A13-AB26-3E79E8838814}.Release|iPhoneSimulator.Build.0 = Release|iPhoneSimulator
		{D085EF4D-452B-4A13-AB26-3E79E8838814}.Release|iPhoneSimulator.Deploy.0 = Release|iPhoneSimulator
		{D085EF4D-452B-4A13-AB26-3E79E8838814}.Release|x64.ActiveCfg = Release|iPhoneSimulator
		{D085EF4D-452B-4A13-AB26-3E79E8838814}.Release|x64.Build.0 = Release|iPhoneSimulator
		{D085EF4D-452B-4A13-AB26-3E79E8838814}.Release|x64.Deploy.0 = Release|iPhoneSimulator
		{D085EF4D-452B-4A13-AB26-3E79E8838814}.Release|x86.ActiveCfg = Release|iPhoneSimulator
		{D085EF4D-452B-4A13-AB26-3E79E8838814}.Release|x86.Build.0 = Release|iPhoneSimulator
		{D085EF4D-452B-4A13-AB26-3E79E8838814}.Release|x86.Deploy.0 = Release|iPhoneSimulator
		{F6FED9A2-ED10-4EF2-B85A-0BE35E69AFDB}.Debug|Any CPU.ActiveCfg = Debug|Any CPU
		{F6FED9A2-ED10-4EF2-B85A-0BE35E69AFDB}.Debug|Any CPU.Build.0 = Debug|Any CPU
		{F6FED9A2-ED10-4EF2-B85A-0BE35E69AFDB}.Debug|Any CPU.Deploy.0 = Debug|Any CPU
		{F6FED9A2-ED10-4EF2-B85A-0BE35E69AFDB}.Debug|ARM.ActiveCfg = Debug|Any CPU
		{F6FED9A2-ED10-4EF2-B85A-0BE35E69AFDB}.Debug|ARM.Build.0 = Debug|Any CPU
		{F6FED9A2-ED10-4EF2-B85A-0BE35E69AFDB}.Debug|ARM.Deploy.0 = Debug|Any CPU
		{F6FED9A2-ED10-4EF2-B85A-0BE35E69AFDB}.Debug|iPhone.ActiveCfg = Debug|Any CPU
		{F6FED9A2-ED10-4EF2-B85A-0BE35E69AFDB}.Debug|iPhone.Build.0 = Debug|Any CPU
		{F6FED9A2-ED10-4EF2-B85A-0BE35E69AFDB}.Debug|iPhone.Deploy.0 = Debug|Any CPU
		{F6FED9A2-ED10-4EF2-B85A-0BE35E69AFDB}.Debug|iPhoneSimulator.ActiveCfg = Debug|Any CPU
		{F6FED9A2-ED10-4EF2-B85A-0BE35E69AFDB}.Debug|iPhoneSimulator.Build.0 = Debug|Any CPU
		{F6FED9A2-ED10-4EF2-B85A-0BE35E69AFDB}.Debug|iPhoneSimulator.Deploy.0 = Debug|Any CPU
		{F6FED9A2-ED10-4EF2-B85A-0BE35E69AFDB}.Debug|x64.ActiveCfg = Debug|Any CPU
		{F6FED9A2-ED10-4EF2-B85A-0BE35E69AFDB}.Debug|x64.Build.0 = Debug|Any CPU
		{F6FED9A2-ED10-4EF2-B85A-0BE35E69AFDB}.Debug|x64.Deploy.0 = Debug|Any CPU
		{F6FED9A2-ED10-4EF2-B85A-0BE35E69AFDB}.Debug|x86.ActiveCfg = Debug|Any CPU
		{F6FED9A2-ED10-4EF2-B85A-0BE35E69AFDB}.Debug|x86.Build.0 = Debug|Any CPU
		{F6FED9A2-ED10-4EF2-B85A-0BE35E69AFDB}.Debug|x86.Deploy.0 = Debug|Any CPU
		{F6FED9A2-ED10-4EF2-B85A-0BE35E69AFDB}.Release|Any CPU.ActiveCfg = Release|Any CPU
		{F6FED9A2-ED10-4EF2-B85A-0BE35E69AFDB}.Release|Any CPU.Build.0 = Release|Any CPU
		{F6FED9A2-ED10-4EF2-B85A-0BE35E69AFDB}.Release|Any CPU.Deploy.0 = Release|Any CPU
		{F6FED9A2-ED10-4EF2-B85A-0BE35E69AFDB}.Release|ARM.ActiveCfg = Release|Any CPU
		{F6FED9A2-ED10-4EF2-B85A-0BE35E69AFDB}.Release|ARM.Build.0 = Release|Any CPU
		{F6FED9A2-ED10-4EF2-B85A-0BE35E69AFDB}.Release|ARM.Deploy.0 = Release|Any CPU
		{F6FED9A2-ED10-4EF2-B85A-0BE35E69AFDB}.Release|iPhone.ActiveCfg = Release|Any CPU
		{F6FED9A2-ED10-4EF2-B85A-0BE35E69AFDB}.Release|iPhone.Build.0 = Release|Any CPU
		{F6FED9A2-ED10-4EF2-B85A-0BE35E69AFDB}.Release|iPhone.Deploy.0 = Release|Any CPU
		{F6FED9A2-ED10-4EF2-B85A-0BE35E69AFDB}.Release|iPhoneSimulator.ActiveCfg = Release|Any CPU
		{F6FED9A2-ED10-4EF2-B85A-0BE35E69AFDB}.Release|iPhoneSimulator.Build.0 = Release|Any CPU
		{F6FED9A2-ED10-4EF2-B85A-0BE35E69AFDB}.Release|iPhoneSimulator.Deploy.0 = Release|Any CPU
		{F6FED9A2-ED10-4EF2-B85A-0BE35E69AFDB}.Release|x64.ActiveCfg = Release|Any CPU
		{F6FED9A2-ED10-4EF2-B85A-0BE35E69AFDB}.Release|x64.Build.0 = Release|Any CPU
		{F6FED9A2-ED10-4EF2-B85A-0BE35E69AFDB}.Release|x64.Deploy.0 = Release|Any CPU
		{F6FED9A2-ED10-4EF2-B85A-0BE35E69AFDB}.Release|x86.ActiveCfg = Release|Any CPU
		{F6FED9A2-ED10-4EF2-B85A-0BE35E69AFDB}.Release|x86.Build.0 = Release|Any CPU
		{F6FED9A2-ED10-4EF2-B85A-0BE35E69AFDB}.Release|x86.Deploy.0 = Release|Any CPU
	EndGlobalSection
	GlobalSection(SolutionProperties) = preSolution
		HideSolutionNode = FALSE
	EndGlobalSection
	GlobalSection(ExtensibilityGlobals) = postSolution
		SolutionGuid = {EB19A9F6-2807-4D16-A17B-E1AB4E84AEEA}
	EndGlobalSection
EndGlobal
