
Microsoft Visual Studio Solution File, Format Version 12.00
# Visual Studio Version 16
VisualStudioVersion = 16.0.30517.126
MinimumVisualStudioVersion = 10.0.40219.1
Project("{FAE04EC0-301F-11D3-BF4B-00C04F79EFBC}") = "Animaciones", "Animaciones\Animaciones.csproj", "{4A74F174-4978-4024-9CDF-211979CDD1EA}"
EndProject
Project("{FAE04EC0-301F-11D3-BF4B-00C04F79EFBC}") = "Animaciones2", "Animaciones2\Animaciones2.csproj", "{5FC4095C-E07D-4A18-ACD9-962221095D0B}"
EndProject
Project("{FAE04EC0-301F-11D3-BF4B-00C04F79EFBC}") = "Animaciones3", "Animaciones3\Animaciones3.csproj", "{69434AD6-DFDA-4362-93B9-3E28B1EF4E76}"
EndProject
Project("{FAE04EC0-301F-11D3-BF4B-00C04F79EFBC}") = "Animaciones4", "Animaciones4\Animaciones4.csproj", "{DCB78E8B-282D-466A-AF5B-1DC912D8A432}"
EndProject
Global
	GlobalSection(SolutionConfigurationPlatforms) = preSolution
		Debug|ARM = Debug|ARM
		Debug|ARM64 = Debug|ARM64
		Debug|x64 = Debug|x64
		Debug|x86 = Debug|x86
		Release|ARM = Release|ARM
		Release|ARM64 = Release|ARM64
		Release|x64 = Release|x64
		Release|x86 = Release|x86
	EndGlobalSection
	GlobalSection(ProjectConfigurationPlatforms) = postSolution
		{4A74F174-4978-4024-9CDF-211979CDD1EA}.Debug|ARM.ActiveCfg = Debug|ARM
		{4A74F174-4978-4024-9CDF-211979CDD1EA}.Debug|ARM.Build.0 = Debug|ARM
		{4A74F174-4978-4024-9CDF-211979CDD1EA}.Debug|ARM.Deploy.0 = Debug|ARM
		{4A74F174-4978-4024-9CDF-211979CDD1EA}.Debug|ARM64.ActiveCfg = Debug|ARM64
		{4A74F174-4978-4024-9CDF-211979CDD1EA}.Debug|ARM64.Build.0 = Debug|ARM64
		{4A74F174-4978-4024-9CDF-211979CDD1EA}.Debug|ARM64.Deploy.0 = Debug|ARM64
		{4A74F174-4978-4024-9CDF-211979CDD1EA}.Debug|x64.ActiveCfg = Debug|x64
		{4A74F174-4978-4024-9CDF-211979CDD1EA}.Debug|x64.Build.0 = Debug|x64
		{4A74F174-4978-4024-9CDF-211979CDD1EA}.Debug|x64.Deploy.0 = Debug|x64
		{4A74F174-4978-4024-9CDF-211979CDD1EA}.Debug|x86.ActiveCfg = Debug|x86
		{4A74F174-4978-4024-9CDF-211979CDD1EA}.Debug|x86.Build.0 = Debug|x86
		{4A74F174-4978-4024-9CDF-211979CDD1EA}.Debug|x86.Deploy.0 = Debug|x86
		{4A74F174-4978-4024-9CDF-211979CDD1EA}.Release|ARM.ActiveCfg = Release|ARM
		{4A74F174-4978-4024-9CDF-211979CDD1EA}.Release|ARM.Build.0 = Release|ARM
		{4A74F174-4978-4024-9CDF-211979CDD1EA}.Release|ARM.Deploy.0 = Release|ARM
		{4A74F174-4978-4024-9CDF-211979CDD1EA}.Release|ARM64.ActiveCfg = Release|ARM64
		{4A74F174-4978-4024-9CDF-211979CDD1EA}.Release|ARM64.Build.0 = Release|ARM64
		{4A74F174-4978-4024-9CDF-211979CDD1EA}.Release|ARM64.Deploy.0 = Release|ARM64
		{4A74F174-4978-4024-9CDF-211979CDD1EA}.Release|x64.ActiveCfg = Release|x64
		{4A74F174-4978-4024-9CDF-211979CDD1EA}.Release|x64.Build.0 = Release|x64
		{4A74F174-4978-4024-9CDF-211979CDD1EA}.Release|x64.Deploy.0 = Release|x64
		{4A74F174-4978-4024-9CDF-211979CDD1EA}.Release|x86.ActiveCfg = Release|x86
		{4A74F174-4978-4024-9CDF-211979CDD1EA}.Release|x86.Build.0 = Release|x86
		{4A74F174-4978-4024-9CDF-211979CDD1EA}.Release|x86.Deploy.0 = Release|x86
		{5FC4095C-E07D-4A18-ACD9-962221095D0B}.Debug|ARM.ActiveCfg = Debug|ARM
		{5FC4095C-E07D-4A18-ACD9-962221095D0B}.Debug|ARM.Build.0 = Debug|ARM
		{5FC4095C-E07D-4A18-ACD9-962221095D0B}.Debug|ARM.Deploy.0 = Debug|ARM
		{5FC4095C-E07D-4A18-ACD9-962221095D0B}.Debug|ARM64.ActiveCfg = Debug|ARM64
		{5FC4095C-E07D-4A18-ACD9-962221095D0B}.Debug|ARM64.Build.0 = Debug|ARM64
		{5FC4095C-E07D-4A18-ACD9-962221095D0B}.Debug|ARM64.Deploy.0 = Debug|ARM64
		{5FC4095C-E07D-4A18-ACD9-962221095D0B}.Debug|x64.ActiveCfg = Debug|x64
		{5FC4095C-E07D-4A18-ACD9-962221095D0B}.Debug|x64.Build.0 = Debug|x64
		{5FC4095C-E07D-4A18-ACD9-962221095D0B}.Debug|x64.Deploy.0 = Debug|x64
		{5FC4095C-E07D-4A18-ACD9-962221095D0B}.Debug|x86.ActiveCfg = Debug|x86
		{5FC4095C-E07D-4A18-ACD9-962221095D0B}.Debug|x86.Build.0 = Debug|x86
		{5FC4095C-E07D-4A18-ACD9-962221095D0B}.Debug|x86.Deploy.0 = Debug|x86
		{5FC4095C-E07D-4A18-ACD9-962221095D0B}.Release|ARM.ActiveCfg = Release|ARM
		{5FC4095C-E07D-4A18-ACD9-962221095D0B}.Release|ARM.Build.0 = Release|ARM
		{5FC4095C-E07D-4A18-ACD9-962221095D0B}.Release|ARM.Deploy.0 = Release|ARM
		{5FC4095C-E07D-4A18-ACD9-962221095D0B}.Release|ARM64.ActiveCfg = Release|ARM64
		{5FC4095C-E07D-4A18-ACD9-962221095D0B}.Release|ARM64.Build.0 = Release|ARM64
		{5FC4095C-E07D-4A18-ACD9-962221095D0B}.Release|ARM64.Deploy.0 = Release|ARM64
		{5FC4095C-E07D-4A18-ACD9-962221095D0B}.Release|x64.ActiveCfg = Release|x64
		{5FC4095C-E07D-4A18-ACD9-962221095D0B}.Release|x64.Build.0 = Release|x64
		{5FC4095C-E07D-4A18-ACD9-962221095D0B}.Release|x64.Deploy.0 = Release|x64
		{5FC4095C-E07D-4A18-ACD9-962221095D0B}.Release|x86.ActiveCfg = Release|x86
		{5FC4095C-E07D-4A18-ACD9-962221095D0B}.Release|x86.Build.0 = Release|x86
		{5FC4095C-E07D-4A18-ACD9-962221095D0B}.Release|x86.Deploy.0 = Release|x86
		{69434AD6-DFDA-4362-93B9-3E28B1EF4E76}.Debug|ARM.ActiveCfg = Debug|ARM
		{69434AD6-DFDA-4362-93B9-3E28B1EF4E76}.Debug|ARM.Build.0 = Debug|ARM
		{69434AD6-DFDA-4362-93B9-3E28B1EF4E76}.Debug|ARM.Deploy.0 = Debug|ARM
		{69434AD6-DFDA-4362-93B9-3E28B1EF4E76}.Debug|ARM64.ActiveCfg = Debug|ARM64
		{69434AD6-DFDA-4362-93B9-3E28B1EF4E76}.Debug|ARM64.Build.0 = Debug|ARM64
		{69434AD6-DFDA-4362-93B9-3E28B1EF4E76}.Debug|ARM64.Deploy.0 = Debug|ARM64
		{69434AD6-DFDA-4362-93B9-3E28B1EF4E76}.Debug|x64.ActiveCfg = Debug|x64
		{69434AD6-DFDA-4362-93B9-3E28B1EF4E76}.Debug|x64.Build.0 = Debug|x64
		{69434AD6-DFDA-4362-93B9-3E28B1EF4E76}.Debug|x64.Deploy.0 = Debug|x64
		{69434AD6-DFDA-4362-93B9-3E28B1EF4E76}.Debug|x86.ActiveCfg = Debug|x86
		{69434AD6-DFDA-4362-93B9-3E28B1EF4E76}.Debug|x86.Build.0 = Debug|x86
		{69434AD6-DFDA-4362-93B9-3E28B1EF4E76}.Debug|x86.Deploy.0 = Debug|x86
		{69434AD6-DFDA-4362-93B9-3E28B1EF4E76}.Release|ARM.ActiveCfg = Release|ARM
		{69434AD6-DFDA-4362-93B9-3E28B1EF4E76}.Release|ARM.Build.0 = Release|ARM
		{69434AD6-DFDA-4362-93B9-3E28B1EF4E76}.Release|ARM.Deploy.0 = Release|ARM
		{69434AD6-DFDA-4362-93B9-3E28B1EF4E76}.Release|ARM64.ActiveCfg = Release|ARM64
		{69434AD6-DFDA-4362-93B9-3E28B1EF4E76}.Release|ARM64.Build.0 = Release|ARM64
		{69434AD6-DFDA-4362-93B9-3E28B1EF4E76}.Release|ARM64.Deploy.0 = Release|ARM64
		{69434AD6-DFDA-4362-93B9-3E28B1EF4E76}.Release|x64.ActiveCfg = Release|x64
		{69434AD6-DFDA-4362-93B9-3E28B1EF4E76}.Release|x64.Build.0 = Release|x64
		{69434AD6-DFDA-4362-93B9-3E28B1EF4E76}.Release|x64.Deploy.0 = Release|x64
		{69434AD6-DFDA-4362-93B9-3E28B1EF4E76}.Release|x86.ActiveCfg = Release|x86
		{69434AD6-DFDA-4362-93B9-3E28B1EF4E76}.Release|x86.Build.0 = Release|x86
		{69434AD6-DFDA-4362-93B9-3E28B1EF4E76}.Release|x86.Deploy.0 = Release|x86
		{DCB78E8B-282D-466A-AF5B-1DC912D8A432}.Debug|ARM.ActiveCfg = Debug|ARM
		{DCB78E8B-282D-466A-AF5B-1DC912D8A432}.Debug|ARM.Build.0 = Debug|ARM
		{DCB78E8B-282D-466A-AF5B-1DC912D8A432}.Debug|ARM.Deploy.0 = Debug|ARM
		{DCB78E8B-282D-466A-AF5B-1DC912D8A432}.Debug|ARM64.ActiveCfg = Debug|ARM64
		{DCB78E8B-282D-466A-AF5B-1DC912D8A432}.Debug|ARM64.Build.0 = Debug|ARM64
		{DCB78E8B-282D-466A-AF5B-1DC912D8A432}.Debug|ARM64.Deploy.0 = Debug|ARM64
		{DCB78E8B-282D-466A-AF5B-1DC912D8A432}.Debug|x64.ActiveCfg = Debug|x64
		{DCB78E8B-282D-466A-AF5B-1DC912D8A432}.Debug|x64.Build.0 = Debug|x64
		{DCB78E8B-282D-466A-AF5B-1DC912D8A432}.Debug|x64.Deploy.0 = Debug|x64
		{DCB78E8B-282D-466A-AF5B-1DC912D8A432}.Debug|x86.ActiveCfg = Debug|x86
		{DCB78E8B-282D-466A-AF5B-1DC912D8A432}.Debug|x86.Build.0 = Debug|x86
		{DCB78E8B-282D-466A-AF5B-1DC912D8A432}.Debug|x86.Deploy.0 = Debug|x86
		{DCB78E8B-282D-466A-AF5B-1DC912D8A432}.Release|ARM.ActiveCfg = Release|ARM
		{DCB78E8B-282D-466A-AF5B-1DC912D8A432}.Release|ARM.Build.0 = Release|ARM
		{DCB78E8B-282D-466A-AF5B-1DC912D8A432}.Release|ARM.Deploy.0 = Release|ARM
		{DCB78E8B-282D-466A-AF5B-1DC912D8A432}.Release|ARM64.ActiveCfg = Release|ARM64
		{DCB78E8B-282D-466A-AF5B-1DC912D8A432}.Release|ARM64.Build.0 = Release|ARM64
		{DCB78E8B-282D-466A-AF5B-1DC912D8A432}.Release|ARM64.Deploy.0 = Release|ARM64
		{DCB78E8B-282D-466A-AF5B-1DC912D8A432}.Release|x64.ActiveCfg = Release|x64
		{DCB78E8B-282D-466A-AF5B-1DC912D8A432}.Release|x64.Build.0 = Release|x64
		{DCB78E8B-282D-466A-AF5B-1DC912D8A432}.Release|x64.Deploy.0 = Release|x64
		{DCB78E8B-282D-466A-AF5B-1DC912D8A432}.Release|x86.ActiveCfg = Release|x86
		{DCB78E8B-282D-466A-AF5B-1DC912D8A432}.Release|x86.Build.0 = Release|x86
		{DCB78E8B-282D-466A-AF5B-1DC912D8A432}.Release|x86.Deploy.0 = Release|x86
	EndGlobalSection
	GlobalSection(SolutionProperties) = preSolution
		HideSolutionNode = FALSE
	EndGlobalSection
	GlobalSection(ExtensibilityGlobals) = postSolution
		SolutionGuid = {83351A73-FA50-4ABB-B350-EBAEF956663D}
	EndGlobalSection
EndGlobal
