
Microsoft Visual Studio Solution File, Format Version 12.00
# Visual Studio Version 16
VisualStudioVersion = 16.0.31005.135
MinimumVisualStudioVersion = 10.0.40219.1
Project("{FAE04EC0-301F-11D3-BF4B-00C04F79EFBC}") = "CRUDPersonasXamarin-UI.UWP", "CRUDPersonasXamarin\CRUDPersonasXamarin.UWP\CRUDPersonasXamarin-UI.UWP.csproj", "{910BE2A5-B6DC-40BD-9178-7FD4E1F56E91}"
EndProject
Project("{FAE04EC0-301F-11D3-BF4B-00C04F79EFBC}") = "CRUDPersonasXamarin-UI.Android", "CRUDPersonasXamarin\CRUDPersonasXamarin.Android\CRUDPersonasXamarin-UI.Android.csproj", "{7E3C8CD2-E376-4C5A-B141-EC6C06D58399}"
EndProject
Project("{FAE04EC0-301F-11D3-BF4B-00C04F79EFBC}") = "CRUDPersonasXamarin-UI.iOS", "CRUDPersonasXamarin\CRUDPersonasXamarin.iOS\CRUDPersonasXamarin-UI.iOS.csproj", "{F676E6FD-DAA8-4E53-BAB4-17F1F4868D1C}"
EndProject
Project("{9A19103F-16F7-4668-BE54-9A1E7A4F7556}") = "CRUDPersonasXamarin-Entidades", "CRUDPersonasXamarin-Entidades\CRUDPersonasXamarin-Entidades.csproj", "{39B599E6-01E4-4C5F-BC1E-98B227B1B9D6}"
EndProject
Project("{9A19103F-16F7-4668-BE54-9A1E7A4F7556}") = "CRUDPersonasXamarin-DAL", "CRUDPersonasXamarin-DAL\CRUDPersonasXamarin-DAL.csproj", "{A212C8F9-D47C-47DA-8E56-20C4C7FA3DE9}"
EndProject
Project("{9A19103F-16F7-4668-BE54-9A1E7A4F7556}") = "CRUDPersonasXamarin-BL", "CRUDPersonasXamarin-BL\CRUDPersonasXamarin-BL.csproj", "{AD387B5A-829B-4D98-8280-9F7C6B518ADA}"
EndProject
Project("{9A19103F-16F7-4668-BE54-9A1E7A4F7556}") = "CRUDPersonasXamarin-UI", "CRUDPersonasXamarin\CRUDPersonasXamarin\CRUDPersonasXamarin-UI.csproj", "{17FDC770-55F6-4372-8D7F-C57A85368624}"
EndProject
Global
	GlobalSection(SolutionConfigurationPlatforms) = preSolution
		Debug|Any CPU = Debug|Any CPU
		Debug|ARM = Debug|ARM
		Debug|iPhone = Debug|iPhone
		Debug|iPhoneSimulator = Debug|iPhoneSimulator
		Debug|x64 = Debug|x64
		Debug|x86 = Debug|x86
		Release|Any CPU = Release|Any CPU
		Release|ARM = Release|ARM
		Release|iPhone = Release|iPhone
		Release|iPhoneSimulator = Release|iPhoneSimulator
		Release|x64 = Release|x64
		Release|x86 = Release|x86
	EndGlobalSection
	GlobalSection(ProjectConfigurationPlatforms) = postSolution
		{910BE2A5-B6DC-40BD-9178-7FD4E1F56E91}.Debug|Any CPU.ActiveCfg = Debug|x86
		{910BE2A5-B6DC-40BD-9178-7FD4E1F56E91}.Debug|Any CPU.Build.0 = Debug|x86
		{910BE2A5-B6DC-40BD-9178-7FD4E1F56E91}.Debug|Any CPU.Deploy.0 = Debug|x86
		{910BE2A5-B6DC-40BD-9178-7FD4E1F56E91}.Debug|ARM.ActiveCfg = Debug|ARM
		{910BE2A5-B6DC-40BD-9178-7FD4E1F56E91}.Debug|ARM.Build.0 = Debug|ARM
		{910BE2A5-B6DC-40BD-9178-7FD4E1F56E91}.Debug|ARM.Deploy.0 = Debug|ARM
		{910BE2A5-B6DC-40BD-9178-7FD4E1F56E91}.Debug|iPhone.ActiveCfg = Debug|x86
		{910BE2A5-B6DC-40BD-9178-7FD4E1F56E91}.Debug|iPhone.Build.0 = Debug|x86
		{910BE2A5-B6DC-40BD-9178-7FD4E1F56E91}.Debug|iPhone.Deploy.0 = Debug|x86
		{910BE2A5-B6DC-40BD-9178-7FD4E1F56E91}.Debug|iPhoneSimulator.ActiveCfg = Debug|x86
		{910BE2A5-B6DC-40BD-9178-7FD4E1F56E91}.Debug|iPhoneSimulator.Build.0 = Debug|x86
		{910BE2A5-B6DC-40BD-9178-7FD4E1F56E91}.Debug|iPhoneSimulator.Deploy.0 = Debug|x86
		{910BE2A5-B6DC-40BD-9178-7FD4E1F56E91}.Debug|x64.ActiveCfg = Debug|x64
		{910BE2A5-B6DC-40BD-9178-7FD4E1F56E91}.Debug|x64.Build.0 = Debug|x64
		{910BE2A5-B6DC-40BD-9178-7FD4E1F56E91}.Debug|x64.Deploy.0 = Debug|x64
		{910BE2A5-B6DC-40BD-9178-7FD4E1F56E91}.Debug|x86.ActiveCfg = Debug|x86
		{910BE2A5-B6DC-40BD-9178-7FD4E1F56E91}.Debug|x86.Build.0 = Debug|x86
		{910BE2A5-B6DC-40BD-9178-7FD4E1F56E91}.Debug|x86.Deploy.0 = Debug|x86
		{910BE2A5-B6DC-40BD-9178-7FD4E1F56E91}.Release|Any CPU.ActiveCfg = Release|x86
		{910BE2A5-B6DC-40BD-9178-7FD4E1F56E91}.Release|Any CPU.Build.0 = Release|x86
		{910BE2A5-B6DC-40BD-9178-7FD4E1F56E91}.Release|Any CPU.Deploy.0 = Release|x86
		{910BE2A5-B6DC-40BD-9178-7FD4E1F56E91}.Release|ARM.ActiveCfg = Release|ARM
		{910BE2A5-B6DC-40BD-9178-7FD4E1F56E91}.Release|ARM.Build.0 = Release|ARM
		{910BE2A5-B6DC-40BD-9178-7FD4E1F56E91}.Release|ARM.Deploy.0 = Release|ARM
		{910BE2A5-B6DC-40BD-9178-7FD4E1F56E91}.Release|iPhone.ActiveCfg = Release|x86
		{910BE2A5-B6DC-40BD-9178-7FD4E1F56E91}.Release|iPhone.Build.0 = Release|x86
		{910BE2A5-B6DC-40BD-9178-7FD4E1F56E91}.Release|iPhone.Deploy.0 = Release|x86
		{910BE2A5-B6DC-40BD-9178-7FD4E1F56E91}.Release|iPhoneSimulator.ActiveCfg = Release|x86
		{910BE2A5-B6DC-40BD-9178-7FD4E1F56E91}.Release|iPhoneSimulator.Build.0 = Release|x86
		{910BE2A5-B6DC-40BD-9178-7FD4E1F56E91}.Release|iPhoneSimulator.Deploy.0 = Release|x86
		{910BE2A5-B6DC-40BD-9178-7FD4E1F56E91}.Release|x64.ActiveCfg = Release|x64
		{910BE2A5-B6DC-40BD-9178-7FD4E1F56E91}.Release|x64.Build.0 = Release|x64
		{910BE2A5-B6DC-40BD-9178-7FD4E1F56E91}.Release|x64.Deploy.0 = Release|x64
		{910BE2A5-B6DC-40BD-9178-7FD4E1F56E91}.Release|x86.ActiveCfg = Release|x86
		{910BE2A5-B6DC-40BD-9178-7FD4E1F56E91}.Release|x86.Build.0 = Release|x86
		{910BE2A5-B6DC-40BD-9178-7FD4E1F56E91}.Release|x86.Deploy.0 = Release|x86
		{7E3C8CD2-E376-4C5A-B141-EC6C06D58399}.Debug|Any CPU.ActiveCfg = Debug|Any CPU
		{7E3C8CD2-E376-4C5A-B141-EC6C06D58399}.Debug|Any CPU.Build.0 = Debug|Any CPU
		{7E3C8CD2-E376-4C5A-B141-EC6C06D58399}.Debug|Any CPU.Deploy.0 = Debug|Any CPU
		{7E3C8CD2-E376-4C5A-B141-EC6C06D58399}.Debug|ARM.ActiveCfg = Debug|Any CPU
		{7E3C8CD2-E376-4C5A-B141-EC6C06D58399}.Debug|ARM.Build.0 = Debug|Any CPU
		{7E3C8CD2-E376-4C5A-B141-EC6C06D58399}.Debug|ARM.Deploy.0 = Debug|Any CPU
		{7E3C8CD2-E376-4C5A-B141-EC6C06D58399}.Debug|iPhone.ActiveCfg = Debug|Any CPU
		{7E3C8CD2-E376-4C5A-B141-EC6C06D58399}.Debug|iPhone.Build.0 = Debug|Any CPU
		{7E3C8CD2-E376-4C5A-B141-EC6C06D58399}.Debug|iPhone.Deploy.0 = Debug|Any CPU
		{7E3C8CD2-E376-4C5A-B141-EC6C06D58399}.Debug|iPhoneSimulator.ActiveCfg = Debug|Any CPU
		{7E3C8CD2-E376-4C5A-B141-EC6C06D58399}.Debug|iPhoneSimulator.Build.0 = Debug|Any CPU
		{7E3C8CD2-E376-4C5A-B141-EC6C06D58399}.Debug|iPhoneSimulator.Deploy.0 = Debug|Any CPU
		{7E3C8CD2-E376-4C5A-B141-EC6C06D58399}.Debug|x64.ActiveCfg = Debug|Any CPU
		{7E3C8CD2-E376-4C5A-B141-EC6C06D58399}.Debug|x64.Build.0 = Debug|Any CPU
		{7E3C8CD2-E376-4C5A-B141-EC6C06D58399}.Debug|x64.Deploy.0 = Debug|Any CPU
		{7E3C8CD2-E376-4C5A-B141-EC6C06D58399}.Debug|x86.ActiveCfg = Debug|Any CPU
		{7E3C8CD2-E376-4C5A-B141-EC6C06D58399}.Debug|x86.Build.0 = Debug|Any CPU
		{7E3C8CD2-E376-4C5A-B141-EC6C06D58399}.Debug|x86.Deploy.0 = Debug|Any CPU
		{7E3C8CD2-E376-4C5A-B141-EC6C06D58399}.Release|Any CPU.ActiveCfg = Release|Any CPU
		{7E3C8CD2-E376-4C5A-B141-EC6C06D58399}.Release|Any CPU.Build.0 = Release|Any CPU
		{7E3C8CD2-E376-4C5A-B141-EC6C06D58399}.Release|Any CPU.Deploy.0 = Release|Any CPU
		{7E3C8CD2-E376-4C5A-B141-EC6C06D58399}.Release|ARM.ActiveCfg = Release|Any CPU
		{7E3C8CD2-E376-4C5A-B141-EC6C06D58399}.Release|ARM.Build.0 = Release|Any CPU
		{7E3C8CD2-E376-4C5A-B141-EC6C06D58399}.Release|ARM.Deploy.0 = Release|Any CPU
		{7E3C8CD2-E376-4C5A-B141-EC6C06D58399}.Release|iPhone.ActiveCfg = Release|Any CPU
		{7E3C8CD2-E376-4C5A-B141-EC6C06D58399}.Release|iPhone.Build.0 = Release|Any CPU
		{7E3C8CD2-E376-4C5A-B141-EC6C06D58399}.Release|iPhone.Deploy.0 = Release|Any CPU
		{7E3C8CD2-E376-4C5A-B141-EC6C06D58399}.Release|iPhoneSimulator.ActiveCfg = Release|Any CPU
		{7E3C8CD2-E376-4C5A-B141-EC6C06D58399}.Release|iPhoneSimulator.Build.0 = Release|Any CPU
		{7E3C8CD2-E376-4C5A-B141-EC6C06D58399}.Release|iPhoneSimulator.Deploy.0 = Release|Any CPU
		{7E3C8CD2-E376-4C5A-B141-EC6C06D58399}.Release|x64.ActiveCfg = Release|Any CPU
		{7E3C8CD2-E376-4C5A-B141-EC6C06D58399}.Release|x64.Build.0 = Release|Any CPU
		{7E3C8CD2-E376-4C5A-B141-EC6C06D58399}.Release|x64.Deploy.0 = Release|Any CPU
		{7E3C8CD2-E376-4C5A-B141-EC6C06D58399}.Release|x86.ActiveCfg = Release|Any CPU
		{7E3C8CD2-E376-4C5A-B141-EC6C06D58399}.Release|x86.Build.0 = Release|Any CPU
		{7E3C8CD2-E376-4C5A-B141-EC6C06D58399}.Release|x86.Deploy.0 = Release|Any CPU
		{F676E6FD-DAA8-4E53-BAB4-17F1F4868D1C}.Debug|Any CPU.ActiveCfg = Debug|iPhoneSimulator
		{F676E6FD-DAA8-4E53-BAB4-17F1F4868D1C}.Debug|Any CPU.Build.0 = Debug|iPhoneSimulator
		{F676E6FD-DAA8-4E53-BAB4-17F1F4868D1C}.Debug|Any CPU.Deploy.0 = Debug|iPhoneSimulator
		{F676E6FD-DAA8-4E53-BAB4-17F1F4868D1C}.Debug|ARM.ActiveCfg = Debug|iPhone
		{F676E6FD-DAA8-4E53-BAB4-17F1F4868D1C}.Debug|ARM.Build.0 = Debug|iPhone
		{F676E6FD-DAA8-4E53-BAB4-17F1F4868D1C}.Debug|ARM.Deploy.0 = Debug|iPhone
		{F676E6FD-DAA8-4E53-BAB4-17F1F4868D1C}.Debug|iPhone.ActiveCfg = Debug|iPhone
		{F676E6FD-DAA8-4E53-BAB4-17F1F4868D1C}.Debug|iPhone.Build.0 = Debug|iPhone
		{F676E6FD-DAA8-4E53-BAB4-17F1F4868D1C}.Debug|iPhone.Deploy.0 = Debug|iPhone
		{F676E6FD-DAA8-4E53-BAB4-17F1F4868D1C}.Debug|iPhoneSimulator.ActiveCfg = Debug|iPhoneSimulator
		{F676E6FD-DAA8-4E53-BAB4-17F1F4868D1C}.Debug|iPhoneSimulator.Build.0 = Debug|iPhoneSimulator
		{F676E6FD-DAA8-4E53-BAB4-17F1F4868D1C}.Debug|iPhoneSimulator.Deploy.0 = Debug|iPhoneSimulator
		{F676E6FD-DAA8-4E53-BAB4-17F1F4868D1C}.Debug|x64.ActiveCfg = Debug|iPhoneSimulator
		{F676E6FD-DAA8-4E53-BAB4-17F1F4868D1C}.Debug|x64.Build.0 = Debug|iPhoneSimulator
		{F676E6FD-DAA8-4E53-BAB4-17F1F4868D1C}.Debug|x64.Deploy.0 = Debug|iPhoneSimulator
		{F676E6FD-DAA8-4E53-BAB4-17F1F4868D1C}.Debug|x86.ActiveCfg = Debug|iPhoneSimulator
		{F676E6FD-DAA8-4E53-BAB4-17F1F4868D1C}.Debug|x86.Build.0 = Debug|iPhoneSimulator
		{F676E6FD-DAA8-4E53-BAB4-17F1F4868D1C}.Debug|x86.Deploy.0 = Debug|iPhoneSimulator
		{F676E6FD-DAA8-4E53-BAB4-17F1F4868D1C}.Release|Any CPU.ActiveCfg = Release|iPhoneSimulator
		{F676E6FD-DAA8-4E53-BAB4-17F1F4868D1C}.Release|Any CPU.Build.0 = Release|iPhoneSimulator
		{F676E6FD-DAA8-4E53-BAB4-17F1F4868D1C}.Release|Any CPU.Deploy.0 = Release|iPhoneSimulator
		{F676E6FD-DAA8-4E53-BAB4-17F1F4868D1C}.Release|ARM.ActiveCfg = Release|iPhoneSimulator
		{F676E6FD-DAA8-4E53-BAB4-17F1F4868D1C}.Release|ARM.Build.0 = Release|iPhoneSimulator
		{F676E6FD-DAA8-4E53-BAB4-17F1F4868D1C}.Release|ARM.Deploy.0 = Release|iPhoneSimulator
		{F676E6FD-DAA8-4E53-BAB4-17F1F4868D1C}.Release|iPhone.ActiveCfg = Release|iPhone
		{F676E6FD-DAA8-4E53-BAB4-17F1F4868D1C}.Release|iPhone.Build.0 = Release|iPhone
		{F676E6FD-DAA8-4E53-BAB4-17F1F4868D1C}.Release|iPhone.Deploy.0 = Release|iPhone
		{F676E6FD-DAA8-4E53-BAB4-17F1F4868D1C}.Release|iPhoneSimulator.ActiveCfg = Release|iPhoneSimulator
		{F676E6FD-DAA8-4E53-BAB4-17F1F4868D1C}.Release|iPhoneSimulator.Build.0 = Release|iPhoneSimulator
		{F676E6FD-DAA8-4E53-BAB4-17F1F4868D1C}.Release|iPhoneSimulator.Deploy.0 = Release|iPhoneSimulator
		{F676E6FD-DAA8-4E53-BAB4-17F1F4868D1C}.Release|x64.ActiveCfg = Release|iPhoneSimulator
		{F676E6FD-DAA8-4E53-BAB4-17F1F4868D1C}.Release|x64.Build.0 = Release|iPhoneSimulator
		{F676E6FD-DAA8-4E53-BAB4-17F1F4868D1C}.Release|x64.Deploy.0 = Release|iPhoneSimulator
		{F676E6FD-DAA8-4E53-BAB4-17F1F4868D1C}.Release|x86.ActiveCfg = Release|iPhoneSimulator
		{F676E6FD-DAA8-4E53-BAB4-17F1F4868D1C}.Release|x86.Build.0 = Release|iPhoneSimulator
		{F676E6FD-DAA8-4E53-BAB4-17F1F4868D1C}.Release|x86.Deploy.0 = Release|iPhoneSimulator
		{39B599E6-01E4-4C5F-BC1E-98B227B1B9D6}.Debug|Any CPU.ActiveCfg = Debug|Any CPU
		{39B599E6-01E4-4C5F-BC1E-98B227B1B9D6}.Debug|Any CPU.Build.0 = Debug|Any CPU
		{39B599E6-01E4-4C5F-BC1E-98B227B1B9D6}.Debug|ARM.ActiveCfg = Debug|Any CPU
		{39B599E6-01E4-4C5F-BC1E-98B227B1B9D6}.Debug|ARM.Build.0 = Debug|Any CPU
		{39B599E6-01E4-4C5F-BC1E-98B227B1B9D6}.Debug|iPhone.ActiveCfg = Debug|Any CPU
		{39B599E6-01E4-4C5F-BC1E-98B227B1B9D6}.Debug|iPhone.Build.0 = Debug|Any CPU
		{39B599E6-01E4-4C5F-BC1E-98B227B1B9D6}.Debug|iPhoneSimulator.ActiveCfg = Debug|Any CPU
		{39B599E6-01E4-4C5F-BC1E-98B227B1B9D6}.Debug|iPhoneSimulator.Build.0 = Debug|Any CPU
		{39B599E6-01E4-4C5F-BC1E-98B227B1B9D6}.Debug|x64.ActiveCfg = Debug|Any CPU
		{39B599E6-01E4-4C5F-BC1E-98B227B1B9D6}.Debug|x64.Build.0 = Debug|Any CPU
		{39B599E6-01E4-4C5F-BC1E-98B227B1B9D6}.Debug|x86.ActiveCfg = Debug|Any CPU
		{39B599E6-01E4-4C5F-BC1E-98B227B1B9D6}.Debug|x86.Build.0 = Debug|Any CPU
		{39B599E6-01E4-4C5F-BC1E-98B227B1B9D6}.Release|Any CPU.ActiveCfg = Release|Any CPU
		{39B599E6-01E4-4C5F-BC1E-98B227B1B9D6}.Release|Any CPU.Build.0 = Release|Any CPU
		{39B599E6-01E4-4C5F-BC1E-98B227B1B9D6}.Release|ARM.ActiveCfg = Release|Any CPU
		{39B599E6-01E4-4C5F-BC1E-98B227B1B9D6}.Release|ARM.Build.0 = Release|Any CPU
		{39B599E6-01E4-4C5F-BC1E-98B227B1B9D6}.Release|iPhone.ActiveCfg = Release|Any CPU
		{39B599E6-01E4-4C5F-BC1E-98B227B1B9D6}.Release|iPhone.Build.0 = Release|Any CPU
		{39B599E6-01E4-4C5F-BC1E-98B227B1B9D6}.Release|iPhoneSimulator.ActiveCfg = Release|Any CPU
		{39B599E6-01E4-4C5F-BC1E-98B227B1B9D6}.Release|iPhoneSimulator.Build.0 = Release|Any CPU
		{39B599E6-01E4-4C5F-BC1E-98B227B1B9D6}.Release|x64.ActiveCfg = Release|Any CPU
		{39B599E6-01E4-4C5F-BC1E-98B227B1B9D6}.Release|x64.Build.0 = Release|Any CPU
		{39B599E6-01E4-4C5F-BC1E-98B227B1B9D6}.Release|x86.ActiveCfg = Release|Any CPU
		{39B599E6-01E4-4C5F-BC1E-98B227B1B9D6}.Release|x86.Build.0 = Release|Any CPU
		{A212C8F9-D47C-47DA-8E56-20C4C7FA3DE9}.Debug|Any CPU.ActiveCfg = Debug|Any CPU
		{A212C8F9-D47C-47DA-8E56-20C4C7FA3DE9}.Debug|Any CPU.Build.0 = Debug|Any CPU
		{A212C8F9-D47C-47DA-8E56-20C4C7FA3DE9}.Debug|ARM.ActiveCfg = Debug|Any CPU
		{A212C8F9-D47C-47DA-8E56-20C4C7FA3DE9}.Debug|ARM.Build.0 = Debug|Any CPU
		{A212C8F9-D47C-47DA-8E56-20C4C7FA3DE9}.Debug|iPhone.ActiveCfg = Debug|Any CPU
		{A212C8F9-D47C-47DA-8E56-20C4C7FA3DE9}.Debug|iPhone.Build.0 = Debug|Any CPU
		{A212C8F9-D47C-47DA-8E56-20C4C7FA3DE9}.Debug|iPhoneSimulator.ActiveCfg = Debug|Any CPU
		{A212C8F9-D47C-47DA-8E56-20C4C7FA3DE9}.Debug|iPhoneSimulator.Build.0 = Debug|Any CPU
		{A212C8F9-D47C-47DA-8E56-20C4C7FA3DE9}.Debug|x64.ActiveCfg = Debug|Any CPU
		{A212C8F9-D47C-47DA-8E56-20C4C7FA3DE9}.Debug|x64.Build.0 = Debug|Any CPU
		{A212C8F9-D47C-47DA-8E56-20C4C7FA3DE9}.Debug|x86.ActiveCfg = Debug|Any CPU
		{A212C8F9-D47C-47DA-8E56-20C4C7FA3DE9}.Debug|x86.Build.0 = Debug|Any CPU
		{A212C8F9-D47C-47DA-8E56-20C4C7FA3DE9}.Release|Any CPU.ActiveCfg = Release|Any CPU
		{A212C8F9-D47C-47DA-8E56-20C4C7FA3DE9}.Release|Any CPU.Build.0 = Release|Any CPU
		{A212C8F9-D47C-47DA-8E56-20C4C7FA3DE9}.Release|ARM.ActiveCfg = Release|Any CPU
		{A212C8F9-D47C-47DA-8E56-20C4C7FA3DE9}.Release|ARM.Build.0 = Release|Any CPU
		{A212C8F9-D47C-47DA-8E56-20C4C7FA3DE9}.Release|iPhone.ActiveCfg = Release|Any CPU
		{A212C8F9-D47C-47DA-8E56-20C4C7FA3DE9}.Release|iPhone.Build.0 = Release|Any CPU
		{A212C8F9-D47C-47DA-8E56-20C4C7FA3DE9}.Release|iPhoneSimulator.ActiveCfg = Release|Any CPU
		{A212C8F9-D47C-47DA-8E56-20C4C7FA3DE9}.Release|iPhoneSimulator.Build.0 = Release|Any CPU
		{A212C8F9-D47C-47DA-8E56-20C4C7FA3DE9}.Release|x64.ActiveCfg = Release|Any CPU
		{A212C8F9-D47C-47DA-8E56-20C4C7FA3DE9}.Release|x64.Build.0 = Release|Any CPU
		{A212C8F9-D47C-47DA-8E56-20C4C7FA3DE9}.Release|x86.ActiveCfg = Release|Any CPU
		{A212C8F9-D47C-47DA-8E56-20C4C7FA3DE9}.Release|x86.Build.0 = Release|Any CPU
		{AD387B5A-829B-4D98-8280-9F7C6B518ADA}.Debug|Any CPU.ActiveCfg = Debug|Any CPU
		{AD387B5A-829B-4D98-8280-9F7C6B518ADA}.Debug|Any CPU.Build.0 = Debug|Any CPU
		{AD387B5A-829B-4D98-8280-9F7C6B518ADA}.Debug|ARM.ActiveCfg = Debug|Any CPU
		{AD387B5A-829B-4D98-8280-9F7C6B518ADA}.Debug|ARM.Build.0 = Debug|Any CPU
		{AD387B5A-829B-4D98-8280-9F7C6B518ADA}.Debug|iPhone.ActiveCfg = Debug|Any CPU
		{AD387B5A-829B-4D98-8280-9F7C6B518ADA}.Debug|iPhone.Build.0 = Debug|Any CPU
		{AD387B5A-829B-4D98-8280-9F7C6B518ADA}.Debug|iPhoneSimulator.ActiveCfg = Debug|Any CPU
		{AD387B5A-829B-4D98-8280-9F7C6B518ADA}.Debug|iPhoneSimulator.Build.0 = Debug|Any CPU
		{AD387B5A-829B-4D98-8280-9F7C6B518ADA}.Debug|x64.ActiveCfg = Debug|Any CPU
		{AD387B5A-829B-4D98-8280-9F7C6B518ADA}.Debug|x64.Build.0 = Debug|Any CPU
		{AD387B5A-829B-4D98-8280-9F7C6B518ADA}.Debug|x86.ActiveCfg = Debug|Any CPU
		{AD387B5A-829B-4D98-8280-9F7C6B518ADA}.Debug|x86.Build.0 = Debug|Any CPU
		{AD387B5A-829B-4D98-8280-9F7C6B518ADA}.Release|Any CPU.ActiveCfg = Release|Any CPU
		{AD387B5A-829B-4D98-8280-9F7C6B518ADA}.Release|Any CPU.Build.0 = Release|Any CPU
		{AD387B5A-829B-4D98-8280-9F7C6B518ADA}.Release|ARM.ActiveCfg = Release|Any CPU
		{AD387B5A-829B-4D98-8280-9F7C6B518ADA}.Release|ARM.Build.0 = Release|Any CPU
		{AD387B5A-829B-4D98-8280-9F7C6B518ADA}.Release|iPhone.ActiveCfg = Release|Any CPU
		{AD387B5A-829B-4D98-8280-9F7C6B518ADA}.Release|iPhone.Build.0 = Release|Any CPU
		{AD387B5A-829B-4D98-8280-9F7C6B518ADA}.Release|iPhoneSimulator.ActiveCfg = Release|Any CPU
		{AD387B5A-829B-4D98-8280-9F7C6B518ADA}.Release|iPhoneSimulator.Build.0 = Release|Any CPU
		{AD387B5A-829B-4D98-8280-9F7C6B518ADA}.Release|x64.ActiveCfg = Release|Any CPU
		{AD387B5A-829B-4D98-8280-9F7C6B518ADA}.Release|x64.Build.0 = Release|Any CPU
		{AD387B5A-829B-4D98-8280-9F7C6B518ADA}.Release|x86.ActiveCfg = Release|Any CPU
		{AD387B5A-829B-4D98-8280-9F7C6B518ADA}.Release|x86.Build.0 = Release|Any CPU
		{17FDC770-55F6-4372-8D7F-C57A85368624}.Debug|Any CPU.ActiveCfg = Debug|Any CPU
		{17FDC770-55F6-4372-8D7F-C57A85368624}.Debug|Any CPU.Build.0 = Debug|Any CPU
		{17FDC770-55F6-4372-8D7F-C57A85368624}.Debug|ARM.ActiveCfg = Debug|Any CPU
		{17FDC770-55F6-4372-8D7F-C57A85368624}.Debug|ARM.Build.0 = Debug|Any CPU
		{17FDC770-55F6-4372-8D7F-C57A85368624}.Debug|iPhone.ActiveCfg = Debug|Any CPU
		{17FDC770-55F6-4372-8D7F-C57A85368624}.Debug|iPhone.Build.0 = Debug|Any CPU
		{17FDC770-55F6-4372-8D7F-C57A85368624}.Debug|iPhoneSimulator.ActiveCfg = Debug|Any CPU
		{17FDC770-55F6-4372-8D7F-C57A85368624}.Debug|iPhoneSimulator.Build.0 = Debug|Any CPU
		{17FDC770-55F6-4372-8D7F-C57A85368624}.Debug|x64.ActiveCfg = Debug|Any CPU
		{17FDC770-55F6-4372-8D7F-C57A85368624}.Debug|x64.Build.0 = Debug|Any CPU
		{17FDC770-55F6-4372-8D7F-C57A85368624}.Debug|x86.ActiveCfg = Debug|Any CPU
		{17FDC770-55F6-4372-8D7F-C57A85368624}.Debug|x86.Build.0 = Debug|Any CPU
		{17FDC770-55F6-4372-8D7F-C57A85368624}.Release|Any CPU.ActiveCfg = Release|Any CPU
		{17FDC770-55F6-4372-8D7F-C57A85368624}.Release|Any CPU.Build.0 = Release|Any CPU
		{17FDC770-55F6-4372-8D7F-C57A85368624}.Release|ARM.ActiveCfg = Release|Any CPU
		{17FDC770-55F6-4372-8D7F-C57A85368624}.Release|ARM.Build.0 = Release|Any CPU
		{17FDC770-55F6-4372-8D7F-C57A85368624}.Release|iPhone.ActiveCfg = Release|Any CPU
		{17FDC770-55F6-4372-8D7F-C57A85368624}.Release|iPhone.Build.0 = Release|Any CPU
		{17FDC770-55F6-4372-8D7F-C57A85368624}.Release|iPhoneSimulator.ActiveCfg = Release|Any CPU
		{17FDC770-55F6-4372-8D7F-C57A85368624}.Release|iPhoneSimulator.Build.0 = Release|Any CPU
		{17FDC770-55F6-4372-8D7F-C57A85368624}.Release|x64.ActiveCfg = Release|Any CPU
		{17FDC770-55F6-4372-8D7F-C57A85368624}.Release|x64.Build.0 = Release|Any CPU
		{17FDC770-55F6-4372-8D7F-C57A85368624}.Release|x86.ActiveCfg = Release|Any CPU
		{17FDC770-55F6-4372-8D7F-C57A85368624}.Release|x86.Build.0 = Release|Any CPU
	EndGlobalSection
	GlobalSection(SolutionProperties) = preSolution
		HideSolutionNode = FALSE
	EndGlobalSection
	GlobalSection(ExtensibilityGlobals) = postSolution
		SolutionGuid = {973BF6D0-E070-4565-91B8-E3DC72BB2338}
	EndGlobalSection
EndGlobal
