
Microsoft Visual Studio Solution File, Format Version 12.00
# Visual Studio Version 16
VisualStudioVersion = 16.0.30804.86
MinimumVisualStudioVersion = 10.0.40219.1
Project("{FAE04EC0-301F-11D3-BF4B-00C04F79EFBC}") = "SignalRChat", "SignalRChat\SignalRChat.csproj", "{C315B64F-B53D-4446-A809-64E9D92130CF}"
EndProject
Global
	GlobalSection(SolutionConfigurationPlatforms) = preSolution
		Debug|Any CPU = Debug|Any CPU
		Release|Any CPU = Release|Any CPU
	EndGlobalSection
	GlobalSection(ProjectConfigurationPlatforms) = postSolution
		{C315B64F-B53D-4446-A809-64E9D92130CF}.Debug|Any CPU.ActiveCfg = Debug|Any CPU
		{C315B64F-B53D-4446-A809-64E9D92130CF}.Debug|Any CPU.Build.0 = Debug|Any CPU
		{C315B64F-B53D-4446-A809-64E9D92130CF}.Release|Any CPU.ActiveCfg = Release|Any CPU
		{C315B64F-B53D-4446-A809-64E9D92130CF}.Release|Any CPU.Build.0 = Release|Any CPU
	EndGlobalSection
	GlobalSection(SolutionProperties) = preSolution
		HideSolutionNode = FALSE
	EndGlobalSection
	GlobalSection(ExtensibilityGlobals) = postSolution
		SolutionGuid = {D8A5EC41-DC9B-468D-9389-885F34CE3B0B}
	EndGlobalSection
EndGlobal
