
Microsoft Visual Studio Solution File, Format Version 12.00
# Visual Studio Version 16
VisualStudioVersion = 16.0.30804.86
MinimumVisualStudioVersion = 10.0.40219.1
Project("{FAE04EC0-301F-11D3-BF4B-00C04F79EFBC}") = "12-ResourcesYValueConverters-01", "12-ResourcesYValueConverters\12-ResourcesYValueConverters-01.csproj", "{38F23D55-9573-4DFA-8DFB-3BA5D55C9221}"
EndProject
Project("{FAE04EC0-301F-11D3-BF4B-00C04F79EFBC}") = "12-ResourcesYValueConverters-02", "12-ResourcesYValueConverters-02\12-ResourcesYValueConverters-02.csproj", "{C55808BC-BB27-4D8A-9934-57BD94D0876A}"
EndProject
Project("{FAE04EC0-301F-11D3-BF4B-00C04F79EFBC}") = "12-ResourcesYValueConverters-03", "..\12-ResourcesYValueConverters-03\12-ResourcesYValueConverters-03.csproj", "{DB3B81BE-6967-477E-9ED5-A7C488768076}"
EndProject
Global
	GlobalSection(SolutionConfigurationPlatforms) = preSolution
		Debug|ARM = Debug|ARM
		Debug|ARM64 = Debug|ARM64
		Debug|x64 = Debug|x64
		Debug|x86 = Debug|x86
		Release|ARM = Release|ARM
		Release|ARM64 = Release|ARM64
		Release|x64 = Release|x64
		Release|x86 = Release|x86
	EndGlobalSection
	GlobalSection(ProjectConfigurationPlatforms) = postSolution
		{38F23D55-9573-4DFA-8DFB-3BA5D55C9221}.Debug|ARM.ActiveCfg = Debug|ARM
		{38F23D55-9573-4DFA-8DFB-3BA5D55C9221}.Debug|ARM.Build.0 = Debug|ARM
		{38F23D55-9573-4DFA-8DFB-3BA5D55C9221}.Debug|ARM.Deploy.0 = Debug|ARM
		{38F23D55-9573-4DFA-8DFB-3BA5D55C9221}.Debug|ARM64.ActiveCfg = Debug|ARM64
		{38F23D55-9573-4DFA-8DFB-3BA5D55C9221}.Debug|ARM64.Build.0 = Debug|ARM64
		{38F23D55-9573-4DFA-8DFB-3BA5D55C9221}.Debug|ARM64.Deploy.0 = Debug|ARM64
		{38F23D55-9573-4DFA-8DFB-3BA5D55C9221}.Debug|x64.ActiveCfg = Debug|x64
		{38F23D55-9573-4DFA-8DFB-3BA5D55C9221}.Debug|x64.Build.0 = Debug|x64
		{38F23D55-9573-4DFA-8DFB-3BA5D55C9221}.Debug|x64.Deploy.0 = Debug|x64
		{38F23D55-9573-4DFA-8DFB-3BA5D55C9221}.Debug|x86.ActiveCfg = Debug|x86
		{38F23D55-9573-4DFA-8DFB-3BA5D55C9221}.Debug|x86.Build.0 = Debug|x86
		{38F23D55-9573-4DFA-8DFB-3BA5D55C9221}.Debug|x86.Deploy.0 = Debug|x86
		{38F23D55-9573-4DFA-8DFB-3BA5D55C9221}.Release|ARM.ActiveCfg = Release|ARM
		{38F23D55-9573-4DFA-8DFB-3BA5D55C9221}.Release|ARM.Build.0 = Release|ARM
		{38F23D55-9573-4DFA-8DFB-3BA5D55C9221}.Release|ARM.Deploy.0 = Release|ARM
		{38F23D55-9573-4DFA-8DFB-3BA5D55C9221}.Release|ARM64.ActiveCfg = Release|ARM64
		{38F23D55-9573-4DFA-8DFB-3BA5D55C9221}.Release|ARM64.Build.0 = Release|ARM64
		{38F23D55-9573-4DFA-8DFB-3BA5D55C9221}.Release|ARM64.Deploy.0 = Release|ARM64
		{38F23D55-9573-4DFA-8DFB-3BA5D55C9221}.Release|x64.ActiveCfg = Release|x64
		{38F23D55-9573-4DFA-8DFB-3BA5D55C9221}.Release|x64.Build.0 = Release|x64
		{38F23D55-9573-4DFA-8DFB-3BA5D55C9221}.Release|x64.Deploy.0 = Release|x64
		{38F23D55-9573-4DFA-8DFB-3BA5D55C9221}.Release|x86.ActiveCfg = Release|x86
		{38F23D55-9573-4DFA-8DFB-3BA5D55C9221}.Release|x86.Build.0 = Release|x86
		{38F23D55-9573-4DFA-8DFB-3BA5D55C9221}.Release|x86.Deploy.0 = Release|x86
		{C55808BC-BB27-4D8A-9934-57BD94D0876A}.Debug|ARM.ActiveCfg = Debug|ARM
		{C55808BC-BB27-4D8A-9934-57BD94D0876A}.Debug|ARM.Build.0 = Debug|ARM
		{C55808BC-BB27-4D8A-9934-57BD94D0876A}.Debug|ARM.Deploy.0 = Debug|ARM
		{C55808BC-BB27-4D8A-9934-57BD94D0876A}.Debug|ARM64.ActiveCfg = Debug|ARM64
		{C55808BC-BB27-4D8A-9934-57BD94D0876A}.Debug|ARM64.Build.0 = Debug|ARM64
		{C55808BC-BB27-4D8A-9934-57BD94D0876A}.Debug|ARM64.Deploy.0 = Debug|ARM64
		{C55808BC-BB27-4D8A-9934-57BD94D0876A}.Debug|x64.ActiveCfg = Debug|x64
		{C55808BC-BB27-4D8A-9934-57BD94D0876A}.Debug|x64.Build.0 = Debug|x64
		{C55808BC-BB27-4D8A-9934-57BD94D0876A}.Debug|x64.Deploy.0 = Debug|x64
		{C55808BC-BB27-4D8A-9934-57BD94D0876A}.Debug|x86.ActiveCfg = Debug|x86
		{C55808BC-BB27-4D8A-9934-57BD94D0876A}.Debug|x86.Build.0 = Debug|x86
		{C55808BC-BB27-4D8A-9934-57BD94D0876A}.Debug|x86.Deploy.0 = Debug|x86
		{C55808BC-BB27-4D8A-9934-57BD94D0876A}.Release|ARM.ActiveCfg = Release|ARM
		{C55808BC-BB27-4D8A-9934-57BD94D0876A}.Release|ARM.Build.0 = Release|ARM
		{C55808BC-BB27-4D8A-9934-57BD94D0876A}.Release|ARM.Deploy.0 = Release|ARM
		{C55808BC-BB27-4D8A-9934-57BD94D0876A}.Release|ARM64.ActiveCfg = Release|ARM64
		{C55808BC-BB27-4D8A-9934-57BD94D0876A}.Release|ARM64.Build.0 = Release|ARM64
		{C55808BC-BB27-4D8A-9934-57BD94D0876A}.Release|ARM64.Deploy.0 = Release|ARM64
		{C55808BC-BB27-4D8A-9934-57BD94D0876A}.Release|x64.ActiveCfg = Release|x64
		{C55808BC-BB27-4D8A-9934-57BD94D0876A}.Release|x64.Build.0 = Release|x64
		{C55808BC-BB27-4D8A-9934-57BD94D0876A}.Release|x64.Deploy.0 = Release|x64
		{C55808BC-BB27-4D8A-9934-57BD94D0876A}.Release|x86.ActiveCfg = Release|x86
		{C55808BC-BB27-4D8A-9934-57BD94D0876A}.Release|x86.Build.0 = Release|x86
		{C55808BC-BB27-4D8A-9934-57BD94D0876A}.Release|x86.Deploy.0 = Release|x86
		{DB3B81BE-6967-477E-9ED5-A7C488768076}.Debug|ARM.ActiveCfg = Debug|ARM
		{DB3B81BE-6967-477E-9ED5-A7C488768076}.Debug|ARM.Build.0 = Debug|ARM
		{DB3B81BE-6967-477E-9ED5-A7C488768076}.Debug|ARM.Deploy.0 = Debug|ARM
		{DB3B81BE-6967-477E-9ED5-A7C488768076}.Debug|ARM64.ActiveCfg = Debug|ARM64
		{DB3B81BE-6967-477E-9ED5-A7C488768076}.Debug|ARM64.Build.0 = Debug|ARM64
		{DB3B81BE-6967-477E-9ED5-A7C488768076}.Debug|ARM64.Deploy.0 = Debug|ARM64
		{DB3B81BE-6967-477E-9ED5-A7C488768076}.Debug|x64.ActiveCfg = Debug|x64
		{DB3B81BE-6967-477E-9ED5-A7C488768076}.Debug|x64.Build.0 = Debug|x64
		{DB3B81BE-6967-477E-9ED5-A7C488768076}.Debug|x64.Deploy.0 = Debug|x64
		{DB3B81BE-6967-477E-9ED5-A7C488768076}.Debug|x86.ActiveCfg = Debug|x86
		{DB3B81BE-6967-477E-9ED5-A7C488768076}.Debug|x86.Build.0 = Debug|x86
		{DB3B81BE-6967-477E-9ED5-A7C488768076}.Debug|x86.Deploy.0 = Debug|x86
		{DB3B81BE-6967-477E-9ED5-A7C488768076}.Release|ARM.ActiveCfg = Release|ARM
		{DB3B81BE-6967-477E-9ED5-A7C488768076}.Release|ARM.Build.0 = Release|ARM
		{DB3B81BE-6967-477E-9ED5-A7C488768076}.Release|ARM.Deploy.0 = Release|ARM
		{DB3B81BE-6967-477E-9ED5-A7C488768076}.Release|ARM64.ActiveCfg = Release|ARM64
		{DB3B81BE-6967-477E-9ED5-A7C488768076}.Release|ARM64.Build.0 = Release|ARM64
		{DB3B81BE-6967-477E-9ED5-A7C488768076}.Release|ARM64.Deploy.0 = Release|ARM64
		{DB3B81BE-6967-477E-9ED5-A7C488768076}.Release|x64.ActiveCfg = Release|x64
		{DB3B81BE-6967-477E-9ED5-A7C488768076}.Release|x64.Build.0 = Release|x64
		{DB3B81BE-6967-477E-9ED5-A7C488768076}.Release|x64.Deploy.0 = Release|x64
		{DB3B81BE-6967-477E-9ED5-A7C488768076}.Release|x86.ActiveCfg = Release|x86
		{DB3B81BE-6967-477E-9ED5-A7C488768076}.Release|x86.Build.0 = Release|x86
		{DB3B81BE-6967-477E-9ED5-A7C488768076}.Release|x86.Deploy.0 = Release|x86
	EndGlobalSection
	GlobalSection(SolutionProperties) = preSolution
		HideSolutionNode = FALSE
	EndGlobalSection
	GlobalSection(ExtensibilityGlobals) = postSolution
		SolutionGuid = {4023D428-1AF3-4000-A2F7-424DECDD0210}
	EndGlobalSection
EndGlobal
